PODS:
  - AdKleinSDK/AdKleinSDKCore (3.3.2):
    - AdKleinSDK/AdKleinSDKFoundation
    - AdKleinSDK/NxPerfSDK
  - AdKleinSDK/AdKleinSDKFoundation (3.3.2)
  - AdKleinSDK/AdKleinSDKPlatforms/CSJ (3.3.2):
    - AdKleinSDK/AdKleinSDKCore
    - Ads-CN (~> 4.0.0.1)
  - AdKleinSDK/AdKleinSDKPlatforms/GDT (3.3.2):
    - AdKleinSDK/AdKleinSDKCore
    - GDTMobSDK (~> 4.13.22)
  - AdKleinSDK/AdKleinSDKPlatforms/Mobius (3.3.2):
    - AdKleinSDK/AdKleinSDKCore
    - AdKleinSDK/AdMobiusSDK
  - AdKleinSDK/AdMobiusSDK (3.3.2)
  - AdKleinSDK/NxPerfSDK (3.3.2)
  - Ads-CN (4.0.0.5):
    - Ads-CN/BUAdSDK (= 4.0.0.5)
  - Ads-CN/BUAdSDK (4.0.0.5):
    - Ads-CN/BUFoundation
    - Ads-CN/Domestic
  - Ads-CN/BUFoundation (4.0.0.5)
  - Ads-CN/Domestic (4.0.0.5)
  - GDTMobSDK (4.13.26):
    - GDTMobSDK/GDTMobSDK (= 4.13.26)
  - GDTMobSDK/GDTMobSDK (4.13.26)
  - SnapKit (5.0.1)

DEPENDENCIES:
  - AdKleinSDK/AdKleinSDKPlatforms/CSJ
  - AdKleinSDK/AdKleinSDKPlatforms/GDT
  - AdKleinSDK/AdKleinSDKPlatforms/Mobius
  - SnapKit

SPEC REPOS:
  trunk:
    - AdKleinSDK
    - Ads-CN
    - GDTMobSDK
    - SnapKit

SPEC CHECKSUMS:
  AdKleinSDK: 35c0b525a6987a6a5dc70a67991e40d5be1eb92d
  Ads-CN: 85c20c8e557b01f30bd0e1cb68244b90b061a8d5
  GDTMobSDK: 5fd2b9754e187ea71f9d9dc43154f2248c132255
  SnapKit: 97b92857e3df3a0c71833cce143274bf6ef8e5eb

PODFILE CHECKSUM: 42613a05a27b168c77aae09d072f569e2e33178f

COCOAPODS: 1.11.2
