PODS:
  - SnapKit (3.0.2)
  - TMCache (1.2.4)

DEPENDENCIES:
  - SnapKit (~> 3.0.2)
  - TMCache (~> 1.2.0)

SPEC CHECKSUMS:
  SnapKit: 2e456761aa92d4d4067a7a5594c18769d451a8ad
  TMCache: a93984b045a5ee84bd8941bd5e0b54296059cc52

PODFILE CHECKSUM: 11a4693c6a31c87e6935a32148013c4048f5fbc1

COCOAPODS: 1.1.0.beta.2
