// !$*UTF8*$!
{
	archiveVersion = 1;
	classes = {
	};
	objectVersion = 46;
	objects = {

/* Begin PBXBuildFile section */
		530DDB851F4287EA0012A740 /* AccumulationFundTableViewController.swift in Sources */ = {isa = PBXBuildFile; fileRef = 530DDB841F4287EA0012A740 /* AccumulationFundTableViewController.swift */; };
		5321DE3A1F31BDF200184F9D /* XZClient.swift in Sources */ = {isa = PBXBuildFile; fileRef = 5321DE391F31BDF200184F9D /* XZClient.swift */; };
		5321DE401F31C3AB00184F9D /* NotoSansHans-DemiLight.otf in Resources */ = {isa = PBXBuildFile; fileRef = 5321DE3C1F31C3AB00184F9D /* NotoSansHans-DemiLight.otf */; };
		5321DE411F31C3AB00184F9D /* NotoSansHans-Light.otf in Resources */ = {isa = PBXBuildFile; fileRef = 5321DE3D1F31C3AB00184F9D /* NotoSansHans-Light.otf */; };
		5321DE451F31D05C00184F9D /* BottonTableViewCell.swift in Sources */ = {isa = PBXBuildFile; fileRef = 5321DE441F31D05C00184F9D /* BottonTableViewCell.swift */; };
		5321DE4C1F31E2A900184F9D /* tabbar_profile_selected@2x.png in Resources */ = {isa = PBXBuildFile; fileRef = 5321DE481F31E2A900184F9D /* tabbar_profile_selected@2x.png */; };
		5321DE4D1F31E2A900184F9D /* tabbar_profile_selected@3x.png in Resources */ = {isa = PBXBuildFile; fileRef = 5321DE491F31E2A900184F9D /* tabbar_profile_selected@3x.png */; };
		5321DE4E1F31E2A900184F9D /* tabbar_profile@2x.png in Resources */ = {isa = PBXBuildFile; fileRef = 5321DE4A1F31E2A900184F9D /* tabbar_profile@2x.png */; };
		5321DE4F1F31E2A900184F9D /* tabbar_profile@3x.png in Resources */ = {isa = PBXBuildFile; fileRef = 5321DE4B1F31E2A900184F9D /* tabbar_profile@3x.png */; };
		5321DE511F31E35A00184F9D /* remindTableViewController.swift in Sources */ = {isa = PBXBuildFile; fileRef = 5321DE501F31E35A00184F9D /* remindTableViewController.swift */; };
		5342E9821F3323E000AC3059 /* titleTableViewCell.swift in Sources */ = {isa = PBXBuildFile; fileRef = 5342E9811F3323E000AC3059 /* titleTableViewCell.swift */; };
		5342E9851F33258900AC3059 /* arrow_right@2x.png in Resources */ = {isa = PBXBuildFile; fileRef = 5342E9831F33258900AC3059 /* arrow_right@2x.png */; };
		5342E9861F33258900AC3059 /* arrow_right@3x.png in Resources */ = {isa = PBXBuildFile; fileRef = 5342E9841F33258900AC3059 /* arrow_right@3x.png */; };
		5342E9891F33261300AC3059 /* about_criticism.png in Resources */ = {isa = PBXBuildFile; fileRef = 5342E9871F33261300AC3059 /* about_criticism.png */; };
		5342E98A1F33261300AC3059 /* about_praise.png in Resources */ = {isa = PBXBuildFile; fileRef = 5342E9881F33261300AC3059 /* about_praise.png */; };
		5342E98C1F33270F00AC3059 /* MoreTableViewCell.swift in Sources */ = {isa = PBXBuildFile; fileRef = 5342E98B1F33270F00AC3059 /* MoreTableViewCell.swift */; };
		534FB71B1F39BB73006E3144 /* LoanModel.swift in Sources */ = {isa = PBXBuildFile; fileRef = 534FB71A1F39BB73006E3144 /* LoanModel.swift */; };
		537F92691F43073300ABAFC8 /* XZSwiftNumberKeyboard.swift in Sources */ = {isa = PBXBuildFile; fileRef = 537F92681F43073300ABAFC8 /* XZSwiftNumberKeyboard.swift */; };
		538330491F3C644B004AAB2B /* LoanDetailsTableViewCell.swift in Sources */ = {isa = PBXBuildFile; fileRef = 538330481F3C644B004AAB2B /* LoanDetailsTableViewCell.swift */; };
		5383304B1F3C6469004AAB2B /* LoanDetailsTableViewController.swift in Sources */ = {isa = PBXBuildFile; fileRef = 5383304A1F3C6469004AAB2B /* LoanDetailsTableViewController.swift */; };
		539795291F3327D5009AFED4 /* Icon-60@2x.png in Resources */ = {isa = PBXBuildFile; fileRef = 539795271F3327D5009AFED4 /* Icon-60@2x.png */; };
		5397952A1F3327D5009AFED4 /* Icon-60@3x.png in Resources */ = {isa = PBXBuildFile; fileRef = 539795281F3327D5009AFED4 /* Icon-60@3x.png */; };
		53A4EF281F2ED46B00EF58EB /* AppDelegate.swift in Sources */ = {isa = PBXBuildFile; fileRef = 53A4EF271F2ED46B00EF58EB /* AppDelegate.swift */; };
		53A4EF2D1F2ED46B00EF58EB /* Main.storyboard in Resources */ = {isa = PBXBuildFile; fileRef = 53A4EF2B1F2ED46B00EF58EB /* Main.storyboard */; };
		53A4EF2F1F2ED46B00EF58EB /* Assets.xcassets in Resources */ = {isa = PBXBuildFile; fileRef = 53A4EF2E1F2ED46B00EF58EB /* Assets.xcassets */; };
		53A4EF321F2ED46B00EF58EB /* LaunchScreen.storyboard in Resources */ = {isa = PBXBuildFile; fileRef = 53A4EF301F2ED46B00EF58EB /* LaunchScreen.storyboard */; };
		53A4EF711F2F075500EF58EB /* icon_tabbar_onsite@2x.png in Resources */ = {isa = PBXBuildFile; fileRef = 53A4EF6B1F2F075500EF58EB /* icon_tabbar_onsite@2x.png */; };
		53A4EF721F2F075500EF58EB /* icon_tabbar_onsite_selected@2x.png in Resources */ = {isa = PBXBuildFile; fileRef = 53A4EF6C1F2F075500EF58EB /* icon_tabbar_onsite_selected@2x.png */; };
		53A4EF731F2F075500EF58EB /* tabbar_home@2x.png in Resources */ = {isa = PBXBuildFile; fileRef = 53A4EF6D1F2F075500EF58EB /* tabbar_home@2x.png */; };
		53A4EF741F2F075500EF58EB /* tabbar_home@3x.png in Resources */ = {isa = PBXBuildFile; fileRef = 53A4EF6E1F2F075500EF58EB /* tabbar_home@3x.png */; };
		53A4EF751F2F075500EF58EB /* tabbar_home_selected@2x.png in Resources */ = {isa = PBXBuildFile; fileRef = 53A4EF6F1F2F075500EF58EB /* tabbar_home_selected@2x.png */; };
		53A4EF761F2F075500EF58EB /* tabbar_home_selected@3x.png in Resources */ = {isa = PBXBuildFile; fileRef = 53A4EF701F2F075500EF58EB /* tabbar_home_selected@3x.png */; };
		53A4EF881F2F353100EF58EB /* MoreViewController.swift in Sources */ = {isa = PBXBuildFile; fileRef = 53A4EF861F2F353100EF58EB /* MoreViewController.swift */; };
		53A4EF891F2F353100EF58EB /* RootViewController.swift in Sources */ = {isa = PBXBuildFile; fileRef = 53A4EF871F2F353100EF58EB /* RootViewController.swift */; };
		53D777001F30591A0074B52C /* BaseTableViewCell.swift in Sources */ = {isa = PBXBuildFile; fileRef = 53D776FF1F30591A0074B52C /* BaseTableViewCell.swift */; };
		53D777061F306CEC0074B52C /* CommercialLoansTableViewController.swift in Sources */ = {isa = PBXBuildFile; fileRef = 53D777051F306CEC0074B52C /* CommercialLoansTableViewController.swift */; };
		53D777101F307EE60074B52C /* UITableView+Extension.swift in Sources */ = {isa = PBXBuildFile; fileRef = 53D777091F307EE60074B52C /* UITableView+Extension.swift */; };
		53D777111F307EE60074B52C /* UITableView+FINAutomaticHeightCell.swift in Sources */ = {isa = PBXBuildFile; fileRef = 53D7770B1F307EE60074B52C /* UITableView+FINAutomaticHeightCell.swift */; };
		53D777131F307EE60074B52C /* XZSetting.swift in Sources */ = {isa = PBXBuildFile; fileRef = 53D7770D1F307EE60074B52C /* XZSetting.swift */; };
		53D777141F307EE60074B52C /* XZSwiftColor.swift in Sources */ = {isa = PBXBuildFile; fileRef = 53D7770E1F307EE60074B52C /* XZSwiftColor.swift */; };
		53D777151F307EE60074B52C /* XZSwiftNavigationController.swift in Sources */ = {isa = PBXBuildFile; fileRef = 53D7770F1F307EE60074B52C /* XZSwiftNavigationController.swift */; };
		53D777171F30869E0074B52C /* LoansTypeTableViewCell.swift in Sources */ = {isa = PBXBuildFile; fileRef = 53D777161F30869E0074B52C /* LoansTypeTableViewCell.swift */; };
		53D7771B1F308A600074B52C /* CombinationLoabsTableViewController.swift in Sources */ = {isa = PBXBuildFile; fileRef = 53D7771A1F308A600074B52C /* CombinationLoabsTableViewController.swift */; };
		5E7AF110415A12DA72166F19 /* Pods_MortgageCalculator_Swift.framework in Frameworks */ = {isa = PBXBuildFile; fileRef = 27C9C1988F24C78114E1FC27 /* Pods_MortgageCalculator_Swift.framework */; };
/* End PBXBuildFile section */

/* Begin PBXFileReference section */
		27C9C1988F24C78114E1FC27 /* Pods_MortgageCalculator_Swift.framework */ = {isa = PBXFileReference; explicitFileType = wrapper.framework; includeInIndex = 0; path = Pods_MortgageCalculator_Swift.framework; sourceTree = BUILT_PRODUCTS_DIR; };
		42DEC60004CE9954417B897E /* Pods-MortgageCalculator-Swift.release.xcconfig */ = {isa = PBXFileReference; includeInIndex = 1; lastKnownFileType = text.xcconfig; name = "Pods-MortgageCalculator-Swift.release.xcconfig"; path = "Pods/Target Support Files/Pods-MortgageCalculator-Swift/Pods-MortgageCalculator-Swift.release.xcconfig"; sourceTree = "<group>"; };
		530DDB841F4287EA0012A740 /* AccumulationFundTableViewController.swift */ = {isa = PBXFileReference; fileEncoding = 4; lastKnownFileType = sourcecode.swift; path = AccumulationFundTableViewController.swift; sourceTree = "<group>"; };
		5321DE391F31BDF200184F9D /* XZClient.swift */ = {isa = PBXFileReference; fileEncoding = 4; lastKnownFileType = sourcecode.swift; path = XZClient.swift; sourceTree = "<group>"; };
		5321DE3C1F31C3AB00184F9D /* NotoSansHans-DemiLight.otf */ = {isa = PBXFileReference; lastKnownFileType = file; path = "NotoSansHans-DemiLight.otf"; sourceTree = "<group>"; };
		5321DE3D1F31C3AB00184F9D /* NotoSansHans-Light.otf */ = {isa = PBXFileReference; lastKnownFileType = file; path = "NotoSansHans-Light.otf"; sourceTree = "<group>"; };
		5321DE441F31D05C00184F9D /* BottonTableViewCell.swift */ = {isa = PBXFileReference; fileEncoding = 4; lastKnownFileType = sourcecode.swift; path = BottonTableViewCell.swift; sourceTree = "<group>"; };
		5321DE481F31E2A900184F9D /* tabbar_profile_selected@2x.png */ = {isa = PBXFileReference; lastKnownFileType = image.png; path = "tabbar_profile_selected@2x.png"; sourceTree = "<group>"; };
		5321DE491F31E2A900184F9D /* tabbar_profile_selected@3x.png */ = {isa = PBXFileReference; lastKnownFileType = image.png; path = "tabbar_profile_selected@3x.png"; sourceTree = "<group>"; };
		5321DE4A1F31E2A900184F9D /* tabbar_profile@2x.png */ = {isa = PBXFileReference; lastKnownFileType = image.png; path = "tabbar_profile@2x.png"; sourceTree = "<group>"; };
		5321DE4B1F31E2A900184F9D /* tabbar_profile@3x.png */ = {isa = PBXFileReference; lastKnownFileType = image.png; path = "tabbar_profile@3x.png"; sourceTree = "<group>"; };
		5321DE501F31E35A00184F9D /* remindTableViewController.swift */ = {isa = PBXFileReference; fileEncoding = 4; lastKnownFileType = sourcecode.swift; path = remindTableViewController.swift; sourceTree = "<group>"; };
		5342E9811F3323E000AC3059 /* titleTableViewCell.swift */ = {isa = PBXFileReference; fileEncoding = 4; lastKnownFileType = sourcecode.swift; path = titleTableViewCell.swift; sourceTree = "<group>"; };
		5342E9831F33258900AC3059 /* arrow_right@2x.png */ = {isa = PBXFileReference; lastKnownFileType = image.png; path = "arrow_right@2x.png"; sourceTree = "<group>"; };
		5342E9841F33258900AC3059 /* arrow_right@3x.png */ = {isa = PBXFileReference; lastKnownFileType = image.png; path = "arrow_right@3x.png"; sourceTree = "<group>"; };
		5342E9871F33261300AC3059 /* about_criticism.png */ = {isa = PBXFileReference; lastKnownFileType = image.png; path = about_criticism.png; sourceTree = "<group>"; };
		5342E9881F33261300AC3059 /* about_praise.png */ = {isa = PBXFileReference; lastKnownFileType = image.png; path = about_praise.png; sourceTree = "<group>"; };
		5342E98B1F33270F00AC3059 /* MoreTableViewCell.swift */ = {isa = PBXFileReference; fileEncoding = 4; lastKnownFileType = sourcecode.swift; path = MoreTableViewCell.swift; sourceTree = "<group>"; };
		534FB71A1F39BB73006E3144 /* LoanModel.swift */ = {isa = PBXFileReference; fileEncoding = 4; lastKnownFileType = sourcecode.swift; path = LoanModel.swift; sourceTree = "<group>"; };
		537F92681F43073300ABAFC8 /* XZSwiftNumberKeyboard.swift */ = {isa = PBXFileReference; fileEncoding = 4; lastKnownFileType = sourcecode.swift; path = XZSwiftNumberKeyboard.swift; sourceTree = "<group>"; };
		538330481F3C644B004AAB2B /* LoanDetailsTableViewCell.swift */ = {isa = PBXFileReference; fileEncoding = 4; lastKnownFileType = sourcecode.swift; path = LoanDetailsTableViewCell.swift; sourceTree = "<group>"; };
		5383304A1F3C6469004AAB2B /* LoanDetailsTableViewController.swift */ = {isa = PBXFileReference; fileEncoding = 4; lastKnownFileType = sourcecode.swift; path = LoanDetailsTableViewController.swift; sourceTree = "<group>"; };
		539795271F3327D5009AFED4 /* Icon-60@2x.png */ = {isa = PBXFileReference; lastKnownFileType = image.png; path = "Icon-60@2x.png"; sourceTree = "<group>"; };
		539795281F3327D5009AFED4 /* Icon-60@3x.png */ = {isa = PBXFileReference; lastKnownFileType = image.png; path = "Icon-60@3x.png"; sourceTree = "<group>"; };
		53A4EF241F2ED46B00EF58EB /* MortgageCalculator-Swift.app */ = {isa = PBXFileReference; explicitFileType = wrapper.application; includeInIndex = 0; path = "MortgageCalculator-Swift.app"; sourceTree = BUILT_PRODUCTS_DIR; };
		53A4EF271F2ED46B00EF58EB /* AppDelegate.swift */ = {isa = PBXFileReference; lastKnownFileType = sourcecode.swift; path = AppDelegate.swift; sourceTree = "<group>"; };
		53A4EF2C1F2ED46B00EF58EB /* Base */ = {isa = PBXFileReference; lastKnownFileType = file.storyboard; name = Base; path = Base.lproj/Main.storyboard; sourceTree = "<group>"; };
		53A4EF2E1F2ED46B00EF58EB /* Assets.xcassets */ = {isa = PBXFileReference; lastKnownFileType = folder.assetcatalog; path = Assets.xcassets; sourceTree = "<group>"; };
		53A4EF311F2ED46B00EF58EB /* Base */ = {isa = PBXFileReference; lastKnownFileType = file.storyboard; name = Base; path = Base.lproj/LaunchScreen.storyboard; sourceTree = "<group>"; };
		53A4EF331F2ED46B00EF58EB /* Info.plist */ = {isa = PBXFileReference; lastKnownFileType = text.plist.xml; path = Info.plist; sourceTree = "<group>"; };
		53A4EF6B1F2F075500EF58EB /* icon_tabbar_onsite@2x.png */ = {isa = PBXFileReference; lastKnownFileType = image.png; path = "icon_tabbar_onsite@2x.png"; sourceTree = "<group>"; };
		53A4EF6C1F2F075500EF58EB /* icon_tabbar_onsite_selected@2x.png */ = {isa = PBXFileReference; lastKnownFileType = image.png; path = "icon_tabbar_onsite_selected@2x.png"; sourceTree = "<group>"; };
		53A4EF6D1F2F075500EF58EB /* tabbar_home@2x.png */ = {isa = PBXFileReference; lastKnownFileType = image.png; path = "tabbar_home@2x.png"; sourceTree = "<group>"; };
		53A4EF6E1F2F075500EF58EB /* tabbar_home@3x.png */ = {isa = PBXFileReference; lastKnownFileType = image.png; path = "tabbar_home@3x.png"; sourceTree = "<group>"; };
		53A4EF6F1F2F075500EF58EB /* tabbar_home_selected@2x.png */ = {isa = PBXFileReference; lastKnownFileType = image.png; path = "tabbar_home_selected@2x.png"; sourceTree = "<group>"; };
		53A4EF701F2F075500EF58EB /* tabbar_home_selected@3x.png */ = {isa = PBXFileReference; lastKnownFileType = image.png; path = "tabbar_home_selected@3x.png"; sourceTree = "<group>"; };
		53A4EF861F2F353100EF58EB /* MoreViewController.swift */ = {isa = PBXFileReference; fileEncoding = 4; lastKnownFileType = sourcecode.swift; path = MoreViewController.swift; sourceTree = "<group>"; };
		53A4EF871F2F353100EF58EB /* RootViewController.swift */ = {isa = PBXFileReference; fileEncoding = 4; lastKnownFileType = sourcecode.swift; path = RootViewController.swift; sourceTree = "<group>"; };
		53D776FF1F30591A0074B52C /* BaseTableViewCell.swift */ = {isa = PBXFileReference; fileEncoding = 4; lastKnownFileType = sourcecode.swift; path = BaseTableViewCell.swift; sourceTree = "<group>"; };
		53D777051F306CEC0074B52C /* CommercialLoansTableViewController.swift */ = {isa = PBXFileReference; fileEncoding = 4; lastKnownFileType = sourcecode.swift; path = CommercialLoansTableViewController.swift; sourceTree = "<group>"; };
		53D777091F307EE60074B52C /* UITableView+Extension.swift */ = {isa = PBXFileReference; fileEncoding = 4; lastKnownFileType = sourcecode.swift; path = "UITableView+Extension.swift"; sourceTree = "<group>"; };
		53D7770B1F307EE60074B52C /* UITableView+FINAutomaticHeightCell.swift */ = {isa = PBXFileReference; fileEncoding = 4; lastKnownFileType = sourcecode.swift; path = "UITableView+FINAutomaticHeightCell.swift"; sourceTree = "<group>"; };
		53D7770D1F307EE60074B52C /* XZSetting.swift */ = {isa = PBXFileReference; fileEncoding = 4; lastKnownFileType = sourcecode.swift; path = XZSetting.swift; sourceTree = "<group>"; };
		53D7770E1F307EE60074B52C /* XZSwiftColor.swift */ = {isa = PBXFileReference; fileEncoding = 4; lastKnownFileType = sourcecode.swift; path = XZSwiftColor.swift; sourceTree = "<group>"; };
		53D7770F1F307EE60074B52C /* XZSwiftNavigationController.swift */ = {isa = PBXFileReference; fileEncoding = 4; lastKnownFileType = sourcecode.swift; path = XZSwiftNavigationController.swift; sourceTree = "<group>"; };
		53D777161F30869E0074B52C /* LoansTypeTableViewCell.swift */ = {isa = PBXFileReference; fileEncoding = 4; lastKnownFileType = sourcecode.swift; path = LoansTypeTableViewCell.swift; sourceTree = "<group>"; };
		53D7771A1F308A600074B52C /* CombinationLoabsTableViewController.swift */ = {isa = PBXFileReference; fileEncoding = 4; lastKnownFileType = sourcecode.swift; path = CombinationLoabsTableViewController.swift; sourceTree = "<group>"; };
		9A03C1CF6B798BED0E72F7DD /* Pods-MortgageCalculator-Swift.debug.xcconfig */ = {isa = PBXFileReference; includeInIndex = 1; lastKnownFileType = text.xcconfig; name = "Pods-MortgageCalculator-Swift.debug.xcconfig"; path = "Pods/Target Support Files/Pods-MortgageCalculator-Swift/Pods-MortgageCalculator-Swift.debug.xcconfig"; sourceTree = "<group>"; };
/* End PBXFileReference section */

/* Begin PBXFrameworksBuildPhase section */
		53A4EF211F2ED46B00EF58EB /* Frameworks */ = {
			isa = PBXFrameworksBuildPhase;
			buildActionMask = 2147483647;
			files = (
				5E7AF110415A12DA72166F19 /* Pods_MortgageCalculator_Swift.framework in Frameworks */,
			);
			runOnlyForDeploymentPostprocessing = 0;
		};
/* End PBXFrameworksBuildPhase section */

/* Begin PBXGroup section */
		3E844AEEC0A1A7D69A0156D6 /* Pods */ = {
			isa = PBXGroup;
			children = (
				9A03C1CF6B798BED0E72F7DD /* Pods-MortgageCalculator-Swift.debug.xcconfig */,
				42DEC60004CE9954417B897E /* Pods-MortgageCalculator-Swift.release.xcconfig */,
			);
			name = Pods;
			sourceTree = "<group>";
		};
		5321DE3B1F31C3AB00184F9D /* Font */ = {
			isa = PBXGroup;
			children = (
				5321DE3C1F31C3AB00184F9D /* NotoSansHans-DemiLight.otf */,
				5321DE3D1F31C3AB00184F9D /* NotoSansHans-Light.otf */,
			);
			path = Font;
			sourceTree = "<group>";
		};
		534FB7191F39BB32006E3144 /* Model */ = {
			isa = PBXGroup;
			children = (
				534FB71A1F39BB73006E3144 /* LoanModel.swift */,
			);
			path = Model;
			sourceTree = "<group>";
		};
		53A4EF1B1F2ED46B00EF58EB = {
			isa = PBXGroup;
			children = (
				53A4EF261F2ED46B00EF58EB /* MortgageCalculator-Swift */,
				53A4EF251F2ED46B00EF58EB /* Products */,
				3E844AEEC0A1A7D69A0156D6 /* Pods */,
				820F151D5DAEB95076796356 /* Frameworks */,
			);
			sourceTree = "<group>";
		};
		53A4EF251F2ED46B00EF58EB /* Products */ = {
			isa = PBXGroup;
			children = (
				53A4EF241F2ED46B00EF58EB /* MortgageCalculator-Swift.app */,
			);
			name = Products;
			sourceTree = "<group>";
		};
		53A4EF261F2ED46B00EF58EB /* MortgageCalculator-Swift */ = {
			isa = PBXGroup;
			children = (
				53A4EF271F2ED46B00EF58EB /* AppDelegate.swift */,
				53A4EF2B1F2ED46B00EF58EB /* Main.storyboard */,
				53A4EF2E1F2ED46B00EF58EB /* Assets.xcassets */,
				53A4EF301F2ED46B00EF58EB /* LaunchScreen.storyboard */,
				53A4EF331F2ED46B00EF58EB /* Info.plist */,
				53A4EF851F2F350C00EF58EB /* View */,
				53A4EF841F2F350C00EF58EB /* Controller */,
				534FB7191F39BB32006E3144 /* Model */,
				53D777071F307EE60074B52C /* Libs */,
				53A4EF6A1F2F075500EF58EB /* Resources */,
			);
			path = "MortgageCalculator-Swift";
			sourceTree = "<group>";
		};
		53A4EF6A1F2F075500EF58EB /* Resources */ = {
			isa = PBXGroup;
			children = (
				539795271F3327D5009AFED4 /* Icon-60@2x.png */,
				539795281F3327D5009AFED4 /* Icon-60@3x.png */,
				5342E9871F33261300AC3059 /* about_criticism.png */,
				5342E9881F33261300AC3059 /* about_praise.png */,
				5342E9831F33258900AC3059 /* arrow_right@2x.png */,
				5342E9841F33258900AC3059 /* arrow_right@3x.png */,
				53A4EF6B1F2F075500EF58EB /* icon_tabbar_onsite@2x.png */,
				53A4EF6C1F2F075500EF58EB /* icon_tabbar_onsite_selected@2x.png */,
				5321DE4A1F31E2A900184F9D /* tabbar_profile@2x.png */,
				5321DE4B1F31E2A900184F9D /* tabbar_profile@3x.png */,
				5321DE481F31E2A900184F9D /* tabbar_profile_selected@2x.png */,
				5321DE491F31E2A900184F9D /* tabbar_profile_selected@3x.png */,
				53A4EF6D1F2F075500EF58EB /* tabbar_home@2x.png */,
				53A4EF6E1F2F075500EF58EB /* tabbar_home@3x.png */,
				53A4EF6F1F2F075500EF58EB /* tabbar_home_selected@2x.png */,
				53A4EF701F2F075500EF58EB /* tabbar_home_selected@3x.png */,
			);
			path = Resources;
			sourceTree = "<group>";
		};
		53A4EF841F2F350C00EF58EB /* Controller */ = {
			isa = PBXGroup;
			children = (
				53A4EF871F2F353100EF58EB /* RootViewController.swift */,
				53D777051F306CEC0074B52C /* CommercialLoansTableViewController.swift */,
				530DDB841F4287EA0012A740 /* AccumulationFundTableViewController.swift */,
				53D7771A1F308A600074B52C /* CombinationLoabsTableViewController.swift */,
				5321DE501F31E35A00184F9D /* remindTableViewController.swift */,
				53A4EF861F2F353100EF58EB /* MoreViewController.swift */,
				5383304A1F3C6469004AAB2B /* LoanDetailsTableViewController.swift */,
			);
			path = Controller;
			sourceTree = "<group>";
		};
		53A4EF851F2F350C00EF58EB /* View */ = {
			isa = PBXGroup;
			children = (
				53D776FF1F30591A0074B52C /* BaseTableViewCell.swift */,
				53D777161F30869E0074B52C /* LoansTypeTableViewCell.swift */,
				5321DE441F31D05C00184F9D /* BottonTableViewCell.swift */,
				5342E9811F3323E000AC3059 /* titleTableViewCell.swift */,
				5342E98B1F33270F00AC3059 /* MoreTableViewCell.swift */,
				538330481F3C644B004AAB2B /* LoanDetailsTableViewCell.swift */,
			);
			path = View;
			sourceTree = "<group>";
		};
		53D777071F307EE60074B52C /* Libs */ = {
			isa = PBXGroup;
			children = (
				5321DE3B1F31C3AB00184F9D /* Font */,
				53D777081F307EE60074B52C /* Extension */,
				53D7770A1F307EE60074B52C /* UITableView+FINAutomaticHeightCell */,
				5321DE391F31BDF200184F9D /* XZClient.swift */,
				53D7770D1F307EE60074B52C /* XZSetting.swift */,
				53D7770E1F307EE60074B52C /* XZSwiftColor.swift */,
				53D7770F1F307EE60074B52C /* XZSwiftNavigationController.swift */,
				537F92681F43073300ABAFC8 /* XZSwiftNumberKeyboard.swift */,
			);
			path = Libs;
			sourceTree = "<group>";
		};
		53D777081F307EE60074B52C /* Extension */ = {
			isa = PBXGroup;
			children = (
				53D777091F307EE60074B52C /* UITableView+Extension.swift */,
			);
			path = Extension;
			sourceTree = "<group>";
		};
		53D7770A1F307EE60074B52C /* UITableView+FINAutomaticHeightCell */ = {
			isa = PBXGroup;
			children = (
				53D7770B1F307EE60074B52C /* UITableView+FINAutomaticHeightCell.swift */,
			);
			path = "UITableView+FINAutomaticHeightCell";
			sourceTree = "<group>";
		};
		820F151D5DAEB95076796356 /* Frameworks */ = {
			isa = PBXGroup;
			children = (
				27C9C1988F24C78114E1FC27 /* Pods_MortgageCalculator_Swift.framework */,
			);
			name = Frameworks;
			sourceTree = "<group>";
		};
/* End PBXGroup section */

/* Begin PBXNativeTarget section */
		53A4EF231F2ED46B00EF58EB /* MortgageCalculator-Swift */ = {
			isa = PBXNativeTarget;
			buildConfigurationList = 53A4EF361F2ED46B00EF58EB /* Build configuration list for PBXNativeTarget "MortgageCalculator-Swift" */;
			buildPhases = (
				A992B7AE5FD15890745D33E6 /* [CP] Check Pods Manifest.lock */,
				53A4EF201F2ED46B00EF58EB /* Sources */,
				53A4EF211F2ED46B00EF58EB /* Frameworks */,
				53A4EF221F2ED46B00EF58EB /* Resources */,
				E8C602C13CE6289C683505DA /* [CP] Embed Pods Frameworks */,
				20DDC5D6180DAFB5B7117015 /* [CP] Copy Pods Resources */,
			);
			buildRules = (
			);
			dependencies = (
			);
			name = "MortgageCalculator-Swift";
			productName = "MortgageCalculator-Swift";
			productReference = 53A4EF241F2ED46B00EF58EB /* MortgageCalculator-Swift.app */;
			productType = "com.apple.product-type.application";
		};
/* End PBXNativeTarget section */

/* Begin PBXProject section */
		53A4EF1C1F2ED46B00EF58EB /* Project object */ = {
			isa = PBXProject;
			attributes = {
				LastSwiftUpdateCheck = 0830;
				LastUpgradeCheck = 0830;
				ORGANIZATIONNAME = com.longdai;
				TargetAttributes = {
					53A4EF231F2ED46B00EF58EB = {
						CreatedOnToolsVersion = 8.3.2;
						DevelopmentTeam = 6JC78V6G2N;
						ProvisioningStyle = Automatic;
					};
				};
			};
			buildConfigurationList = 53A4EF1F1F2ED46B00EF58EB /* Build configuration list for PBXProject "MortgageCalculator-Swift" */;
			compatibilityVersion = "Xcode 3.2";
			developmentRegion = English;
			hasScannedForEncodings = 0;
			knownRegions = (
				en,
				Base,
			);
			mainGroup = 53A4EF1B1F2ED46B00EF58EB;
			productRefGroup = 53A4EF251F2ED46B00EF58EB /* Products */;
			projectDirPath = "";
			projectRoot = "";
			targets = (
				53A4EF231F2ED46B00EF58EB /* MortgageCalculator-Swift */,
			);
		};
/* End PBXProject section */

/* Begin PBXResourcesBuildPhase section */
		53A4EF221F2ED46B00EF58EB /* Resources */ = {
			isa = PBXResourcesBuildPhase;
			buildActionMask = 2147483647;
			files = (
				53A4EF321F2ED46B00EF58EB /* LaunchScreen.storyboard in Resources */,
				5321DE4D1F31E2A900184F9D /* tabbar_profile_selected@3x.png in Resources */,
				5342E98A1F33261300AC3059 /* about_praise.png in Resources */,
				5342E9861F33258900AC3059 /* arrow_right@3x.png in Resources */,
				5342E9891F33261300AC3059 /* about_criticism.png in Resources */,
				53A4EF731F2F075500EF58EB /* tabbar_home@2x.png in Resources */,
				5321DE411F31C3AB00184F9D /* NotoSansHans-Light.otf in Resources */,
				5321DE401F31C3AB00184F9D /* NotoSansHans-DemiLight.otf in Resources */,
				53A4EF761F2F075500EF58EB /* tabbar_home_selected@3x.png in Resources */,
				5321DE4E1F31E2A900184F9D /* tabbar_profile@2x.png in Resources */,
				5342E9851F33258900AC3059 /* arrow_right@2x.png in Resources */,
				539795291F3327D5009AFED4 /* Icon-60@2x.png in Resources */,
				53A4EF721F2F075500EF58EB /* icon_tabbar_onsite_selected@2x.png in Resources */,
				53A4EF741F2F075500EF58EB /* tabbar_home@3x.png in Resources */,
				53A4EF751F2F075500EF58EB /* tabbar_home_selected@2x.png in Resources */,
				5321DE4C1F31E2A900184F9D /* tabbar_profile_selected@2x.png in Resources */,
				53A4EF2F1F2ED46B00EF58EB /* Assets.xcassets in Resources */,
				53A4EF2D1F2ED46B00EF58EB /* Main.storyboard in Resources */,
				5397952A1F3327D5009AFED4 /* Icon-60@3x.png in Resources */,
				53A4EF711F2F075500EF58EB /* icon_tabbar_onsite@2x.png in Resources */,
				5321DE4F1F31E2A900184F9D /* tabbar_profile@3x.png in Resources */,
			);
			runOnlyForDeploymentPostprocessing = 0;
		};
/* End PBXResourcesBuildPhase section */

/* Begin PBXShellScriptBuildPhase section */
		20DDC5D6180DAFB5B7117015 /* [CP] Copy Pods Resources */ = {
			isa = PBXShellScriptBuildPhase;
			buildActionMask = 2147483647;
			files = (
			);
			inputPaths = (
			);
			name = "[CP] Copy Pods Resources";
			outputPaths = (
			);
			runOnlyForDeploymentPostprocessing = 0;
			shellPath = /bin/sh;
			shellScript = "\"${SRCROOT}/Pods/Target Support Files/Pods-MortgageCalculator-Swift/Pods-MortgageCalculator-Swift-resources.sh\"\n";
			showEnvVarsInLog = 0;
		};
		A992B7AE5FD15890745D33E6 /* [CP] Check Pods Manifest.lock */ = {
			isa = PBXShellScriptBuildPhase;
			buildActionMask = 2147483647;
			files = (
			);
			inputPaths = (
			);
			name = "[CP] Check Pods Manifest.lock";
			outputPaths = (
			);
			runOnlyForDeploymentPostprocessing = 0;
			shellPath = /bin/sh;
			shellScript = "diff \"${PODS_ROOT}/../Podfile.lock\" \"${PODS_ROOT}/Manifest.lock\" > /dev/null\nif [ $? != 0 ] ; then\n    # print error to STDERR\n    echo \"error: The sandbox is not in sync with the Podfile.lock. Run 'pod install' or update your CocoaPods installation.\" >&2\n    exit 1\nfi\n";
			showEnvVarsInLog = 0;
		};
		E8C602C13CE6289C683505DA /* [CP] Embed Pods Frameworks */ = {
			isa = PBXShellScriptBuildPhase;
			buildActionMask = 2147483647;
			files = (
			);
			inputPaths = (
			);
			name = "[CP] Embed Pods Frameworks";
			outputPaths = (
			);
			runOnlyForDeploymentPostprocessing = 0;
			shellPath = /bin/sh;
			shellScript = "\"${SRCROOT}/Pods/Target Support Files/Pods-MortgageCalculator-Swift/Pods-MortgageCalculator-Swift-frameworks.sh\"\n";
			showEnvVarsInLog = 0;
		};
/* End PBXShellScriptBuildPhase section */

/* Begin PBXSourcesBuildPhase section */
		53A4EF201F2ED46B00EF58EB /* Sources */ = {
			isa = PBXSourcesBuildPhase;
			buildActionMask = 2147483647;
			files = (
				53D777001F30591A0074B52C /* BaseTableViewCell.swift in Sources */,
				5321DE511F31E35A00184F9D /* remindTableViewController.swift in Sources */,
				530DDB851F4287EA0012A740 /* AccumulationFundTableViewController.swift in Sources */,
				53D7771B1F308A600074B52C /* CombinationLoabsTableViewController.swift in Sources */,
				538330491F3C644B004AAB2B /* LoanDetailsTableViewCell.swift in Sources */,
				5342E98C1F33270F00AC3059 /* MoreTableViewCell.swift in Sources */,
				53D777171F30869E0074B52C /* LoansTypeTableViewCell.swift in Sources */,
				53D777111F307EE60074B52C /* UITableView+FINAutomaticHeightCell.swift in Sources */,
				53D777131F307EE60074B52C /* XZSetting.swift in Sources */,
				53D777141F307EE60074B52C /* XZSwiftColor.swift in Sources */,
				53D777061F306CEC0074B52C /* CommercialLoansTableViewController.swift in Sources */,
				5342E9821F3323E000AC3059 /* titleTableViewCell.swift in Sources */,
				5321DE451F31D05C00184F9D /* BottonTableViewCell.swift in Sources */,
				53A4EF281F2ED46B00EF58EB /* AppDelegate.swift in Sources */,
				53D777151F307EE60074B52C /* XZSwiftNavigationController.swift in Sources */,
				53A4EF881F2F353100EF58EB /* MoreViewController.swift in Sources */,
				53A4EF891F2F353100EF58EB /* RootViewController.swift in Sources */,
				537F92691F43073300ABAFC8 /* XZSwiftNumberKeyboard.swift in Sources */,
				534FB71B1F39BB73006E3144 /* LoanModel.swift in Sources */,
				5321DE3A1F31BDF200184F9D /* XZClient.swift in Sources */,
				5383304B1F3C6469004AAB2B /* LoanDetailsTableViewController.swift in Sources */,
				53D777101F307EE60074B52C /* UITableView+Extension.swift in Sources */,
			);
			runOnlyForDeploymentPostprocessing = 0;
		};
/* End PBXSourcesBuildPhase section */

/* Begin PBXVariantGroup section */
		53A4EF2B1F2ED46B00EF58EB /* Main.storyboard */ = {
			isa = PBXVariantGroup;
			children = (
				53A4EF2C1F2ED46B00EF58EB /* Base */,
			);
			name = Main.storyboard;
			sourceTree = "<group>";
		};
		53A4EF301F2ED46B00EF58EB /* LaunchScreen.storyboard */ = {
			isa = PBXVariantGroup;
			children = (
				53A4EF311F2ED46B00EF58EB /* Base */,
			);
			name = LaunchScreen.storyboard;
			sourceTree = "<group>";
		};
/* End PBXVariantGroup section */

/* Begin XCBuildConfiguration section */
		53A4EF341F2ED46B00EF58EB /* Debug */ = {
			isa = XCBuildConfiguration;
			buildSettings = {
				ALWAYS_SEARCH_USER_PATHS = NO;
				CLANG_ANALYZER_NONNULL = YES;
				CLANG_ANALYZER_NUMBER_OBJECT_CONVERSION = YES_AGGRESSIVE;
				CLANG_CXX_LANGUAGE_STANDARD = "gnu++0x";
				CLANG_CXX_LIBRARY = "libc++";
				CLANG_ENABLE_MODULES = YES;
				CLANG_ENABLE_OBJC_ARC = YES;
				CLANG_WARN_BOOL_CONVERSION = YES;
				CLANG_WARN_CONSTANT_CONVERSION = YES;
				CLANG_WARN_DIRECT_OBJC_ISA_USAGE = YES_ERROR;
				CLANG_WARN_DOCUMENTATION_COMMENTS = YES;
				CLANG_WARN_EMPTY_BODY = YES;
				CLANG_WARN_ENUM_CONVERSION = YES;
				CLANG_WARN_INFINITE_RECURSION = YES;
				CLANG_WARN_INT_CONVERSION = YES;
				CLANG_WARN_OBJC_ROOT_CLASS = YES_ERROR;
				CLANG_WARN_SUSPICIOUS_MOVE = YES;
				CLANG_WARN_UNREACHABLE_CODE = YES;
				CLANG_WARN__DUPLICATE_METHOD_MATCH = YES;
				"CODE_SIGN_IDENTITY[sdk=iphoneos*]" = "iPhone Developer";
				COPY_PHASE_STRIP = NO;
				DEBUG_INFORMATION_FORMAT = dwarf;
				ENABLE_STRICT_OBJC_MSGSEND = YES;
				ENABLE_TESTABILITY = YES;
				GCC_C_LANGUAGE_STANDARD = gnu99;
				GCC_DYNAMIC_NO_PIC = NO;
				GCC_NO_COMMON_BLOCKS = YES;
				GCC_OPTIMIZATION_LEVEL = 0;
				GCC_PREPROCESSOR_DEFINITIONS = (
					"DEBUG=1",
					"$(inherited)",
				);
				GCC_WARN_64_TO_32_BIT_CONVERSION = YES;
				GCC_WARN_ABOUT_RETURN_TYPE = YES_ERROR;
				GCC_WARN_UNDECLARED_SELECTOR = YES;
				GCC_WARN_UNINITIALIZED_AUTOS = YES_AGGRESSIVE;
				GCC_WARN_UNUSED_FUNCTION = YES;
				GCC_WARN_UNUSED_VARIABLE = YES;
				IPHONEOS_DEPLOYMENT_TARGET = 10.3;
				MTL_ENABLE_DEBUG_INFO = YES;
				ONLY_ACTIVE_ARCH = YES;
				SDKROOT = iphoneos;
				SWIFT_ACTIVE_COMPILATION_CONDITIONS = DEBUG;
				SWIFT_OPTIMIZATION_LEVEL = "-Onone";
			};
			name = Debug;
		};
		53A4EF351F2ED46B00EF58EB /* Release */ = {
			isa = XCBuildConfiguration;
			buildSettings = {
				ALWAYS_SEARCH_USER_PATHS = NO;
				CLANG_ANALYZER_NONNULL = YES;
				CLANG_ANALYZER_NUMBER_OBJECT_CONVERSION = YES_AGGRESSIVE;
				CLANG_CXX_LANGUAGE_STANDARD = "gnu++0x";
				CLANG_CXX_LIBRARY = "libc++";
				CLANG_ENABLE_MODULES = YES;
				CLANG_ENABLE_OBJC_ARC = YES;
				CLANG_WARN_BOOL_CONVERSION = YES;
				CLANG_WARN_CONSTANT_CONVERSION = YES;
				CLANG_WARN_DIRECT_OBJC_ISA_USAGE = YES_ERROR;
				CLANG_WARN_DOCUMENTATION_COMMENTS = YES;
				CLANG_WARN_EMPTY_BODY = YES;
				CLANG_WARN_ENUM_CONVERSION = YES;
				CLANG_WARN_INFINITE_RECURSION = YES;
				CLANG_WARN_INT_CONVERSION = YES;
				CLANG_WARN_OBJC_ROOT_CLASS = YES_ERROR;
				CLANG_WARN_SUSPICIOUS_MOVE = YES;
				CLANG_WARN_UNREACHABLE_CODE = YES;
				CLANG_WARN__DUPLICATE_METHOD_MATCH = YES;
				"CODE_SIGN_IDENTITY[sdk=iphoneos*]" = "iPhone Developer";
				COPY_PHASE_STRIP = NO;
				DEBUG_INFORMATION_FORMAT = "dwarf-with-dsym";
				ENABLE_NS_ASSERTIONS = NO;
				ENABLE_STRICT_OBJC_MSGSEND = YES;
				GCC_C_LANGUAGE_STANDARD = gnu99;
				GCC_NO_COMMON_BLOCKS = YES;
				GCC_WARN_64_TO_32_BIT_CONVERSION = YES;
				GCC_WARN_ABOUT_RETURN_TYPE = YES_ERROR;
				GCC_WARN_UNDECLARED_SELECTOR = YES;
				GCC_WARN_UNINITIALIZED_AUTOS = YES_AGGRESSIVE;
				GCC_WARN_UNUSED_FUNCTION = YES;
				GCC_WARN_UNUSED_VARIABLE = YES;
				IPHONEOS_DEPLOYMENT_TARGET = 10.3;
				MTL_ENABLE_DEBUG_INFO = NO;
				SDKROOT = iphoneos;
				SWIFT_OPTIMIZATION_LEVEL = "-Owholemodule";
				VALIDATE_PRODUCT = YES;
			};
			name = Release;
		};
		53A4EF371F2ED46B00EF58EB /* Debug */ = {
			isa = XCBuildConfiguration;
			baseConfigurationReference = 9A03C1CF6B798BED0E72F7DD /* Pods-MortgageCalculator-Swift.debug.xcconfig */;
			buildSettings = {
				ASSETCATALOG_COMPILER_APPICON_NAME = AppIcon;
				DEVELOPMENT_TEAM = 6JC78V6G2N;
				GCC_INCREASE_PRECOMPILED_HEADER_SHARING = NO;
				GCC_PRECOMPILE_PREFIX_HEADER = YES;
				GCC_PREFIX_HEADER = "";
				INFOPLIST_FILE = "MortgageCalculator-Swift/Info.plist";
				LD_RUNPATH_SEARCH_PATHS = "$(inherited) @executable_path/Frameworks";
				PRODUCT_BUNDLE_IDENTIFIER = "com.longdai.MortgageCalculator-Swift";
				PRODUCT_NAME = "$(TARGET_NAME)";
				SWIFT_INSTALL_OBJC_HEADER = NO;
				SWIFT_OBJC_BRIDGING_HEADER = "";
				SWIFT_VERSION = 3.0;
			};
			name = Debug;
		};
		53A4EF381F2ED46B00EF58EB /* Release */ = {
			isa = XCBuildConfiguration;
			baseConfigurationReference = 42DEC60004CE9954417B897E /* Pods-MortgageCalculator-Swift.release.xcconfig */;
			buildSettings = {
				ASSETCATALOG_COMPILER_APPICON_NAME = AppIcon;
				DEVELOPMENT_TEAM = 6JC78V6G2N;
				GCC_INCREASE_PRECOMPILED_HEADER_SHARING = NO;
				GCC_PRECOMPILE_PREFIX_HEADER = YES;
				GCC_PREFIX_HEADER = "";
				INFOPLIST_FILE = "MortgageCalculator-Swift/Info.plist";
				LD_RUNPATH_SEARCH_PATHS = "$(inherited) @executable_path/Frameworks";
				PRODUCT_BUNDLE_IDENTIFIER = "com.longdai.MortgageCalculator-Swift";
				PRODUCT_NAME = "$(TARGET_NAME)";
				SWIFT_INSTALL_OBJC_HEADER = NO;
				SWIFT_OBJC_BRIDGING_HEADER = "";
				SWIFT_VERSION = 3.0;
			};
			name = Release;
		};
/* End XCBuildConfiguration section */

/* Begin XCConfigurationList section */
		53A4EF1F1F2ED46B00EF58EB /* Build configuration list for PBXProject "MortgageCalculator-Swift" */ = {
			isa = XCConfigurationList;
			buildConfigurations = (
				53A4EF341F2ED46B00EF58EB /* Debug */,
				53A4EF351F2ED46B00EF58EB /* Release */,
			);
			defaultConfigurationIsVisible = 0;
			defaultConfigurationName = Release;
		};
		53A4EF361F2ED46B00EF58EB /* Build configuration list for PBXNativeTarget "MortgageCalculator-Swift" */ = {
			isa = XCConfigurationList;
			buildConfigurations = (
				53A4EF371F2ED46B00EF58EB /* Debug */,
				53A4EF381F2ED46B00EF58EB /* Release */,
			);
			defaultConfigurationIsVisible = 0;
			defaultConfigurationName = Release;
		};
/* End XCConfigurationList section */
	};
	rootObject = 53A4EF1C1F2ED46B00EF58EB /* Project object */;
}
