// !$*UTF8*$!
{
	archiveVersion = 1;
	classes = {
	};
	objectVersion = 46;
	objects = {

/* Begin PBXBuildFile section */
		26E14845761BB25F8E7D19F7 /* Pods_MortgageCalculator_Swift.framework in Frameworks */ = {isa = PBXBuildFile; fileRef = 531152C21F71134900E2B70E /* Pods_MortgageCalculator_Swift.framework */; };
		530338371F591DE700848A6E /* selectbianji@3x.png in Resources */ = {isa = PBXBuildFile; fileRef = 530338351F591DE600848A6E /* selectbianji@3x.png */; };
		530338381F591DE700848A6E /* selectbianji@2x.png in Resources */ = {isa = PBXBuildFile; fileRef = 530338361F591DE700848A6E /* selectbianji@2x.png */; };
		5303383B1F591E3B00848A6E /* bianji@3x.png in Resources */ = {isa = PBXBuildFile; fileRef = 530338391F591E3B00848A6E /* bianji@3x.png */; };
		5303383C1F591E3B00848A6E /* bianji@2x.png in Resources */ = {isa = PBXBuildFile; fileRef = 5303383A1F591E3B00848A6E /* bianji@2x.png */; };
		530DDB851F4287EA0012A740 /* AccumulationFundTableViewController.swift in Sources */ = {isa = PBXBuildFile; fileRef = 530DDB841F4287EA0012A740 /* AccumulationFundTableViewController.swift */; };
		531152A21F6FC8B600E2B70E /* HousingMarketManager.swift in Sources */ = {isa = PBXBuildFile; fileRef = 531152A11F6FC8B600E2B70E /* HousingMarketManager.swift */; };
		531152A41F6FCC4500E2B70E /* HousingMarketModel.swift in Sources */ = {isa = PBXBuildFile; fileRef = 531152A31F6FCC4500E2B70E /* HousingMarketModel.swift */; };
		531152B01F70B97F00E2B70E /* Id.swift in Sources */ = {isa = PBXBuildFile; fileRef = 531152AD1F70B97E00E2B70E /* Id.swift */; };
		531152B11F70B97F00E2B70E /* Idlist.swift in Sources */ = {isa = PBXBuildFile; fileRef = 531152AE1F70B97F00E2B70E /* Idlist.swift */; };
		531152B21F70B97F00E2B70E /* Newslist.swift in Sources */ = {isa = PBXBuildFile; fileRef = 531152AF1F70B97F00E2B70E /* Newslist.swift */; };
		531152B41F70B98400E2B70E /* RootClass.swift in Sources */ = {isa = PBXBuildFile; fileRef = 531152B31F70B98400E2B70E /* RootClass.swift */; };
		531C8CAA1F73995D00BC7B5E /* UIWebViewController.swift in Sources */ = {isa = PBXBuildFile; fileRef = 531C8CA91F73995D00BC7B5E /* UIWebViewController.swift */; };
		531C8CAC1F74B55000BC7B5E /* ZJRefreshControl.swift in Sources */ = {isa = PBXBuildFile; fileRef = 531C8CAB1F74B54F00BC7B5E /* ZJRefreshControl.swift */; };
		5321DE3A1F31BDF200184F9D /* XZClient.swift in Sources */ = {isa = PBXBuildFile; fileRef = 5321DE391F31BDF200184F9D /* XZClient.swift */; };
		5321DE401F31C3AB00184F9D /* NotoSansHans-DemiLight.otf in Resources */ = {isa = PBXBuildFile; fileRef = 5321DE3C1F31C3AB00184F9D /* NotoSansHans-DemiLight.otf */; };
		5321DE411F31C3AB00184F9D /* NotoSansHans-Light.otf in Resources */ = {isa = PBXBuildFile; fileRef = 5321DE3D1F31C3AB00184F9D /* NotoSansHans-Light.otf */; };
		5321DE451F31D05C00184F9D /* BottonTableViewCell.swift in Sources */ = {isa = PBXBuildFile; fileRef = 5321DE441F31D05C00184F9D /* BottonTableViewCell.swift */; };
		5321DE4C1F31E2A900184F9D /* tabbar_profile_selected@2x.png in Resources */ = {isa = PBXBuildFile; fileRef = 5321DE481F31E2A900184F9D /* tabbar_profile_selected@2x.png */; };
		5321DE4D1F31E2A900184F9D /* tabbar_profile_selected@3x.png in Resources */ = {isa = PBXBuildFile; fileRef = 5321DE491F31E2A900184F9D /* tabbar_profile_selected@3x.png */; };
		5321DE4E1F31E2A900184F9D /* tabbar_profile@2x.png in Resources */ = {isa = PBXBuildFile; fileRef = 5321DE4A1F31E2A900184F9D /* tabbar_profile@2x.png */; };
		5321DE4F1F31E2A900184F9D /* tabbar_profile@3x.png in Resources */ = {isa = PBXBuildFile; fileRef = 5321DE4B1F31E2A900184F9D /* tabbar_profile@3x.png */; };
		5332A97B1F4A8C30001465E4 /* RemindTableViewCell.swift in Sources */ = {isa = PBXBuildFile; fileRef = 5332A97A1F4A8C30001465E4 /* RemindTableViewCell.swift */; };
		5332A9841F4AB27D001465E4 /* RemindEditorViewController.swift in Sources */ = {isa = PBXBuildFile; fileRef = 5332A9831F4AB27D001465E4 /* RemindEditorViewController.swift */; };
		5332A9861F4AB768001465E4 /* RemindCommercialViewController.swift in Sources */ = {isa = PBXBuildFile; fileRef = 5332A9851F4AB768001465E4 /* RemindCommercialViewController.swift */; };
		5332A9881F4AB7EE001465E4 /* RemindAccumulationViewController.swift in Sources */ = {isa = PBXBuildFile; fileRef = 5332A9871F4AB7EE001465E4 /* RemindAccumulationViewController.swift */; };
		5332A98A1F4AB8D8001465E4 /* RemindCombinationViewController.swift in Sources */ = {isa = PBXBuildFile; fileRef = 5332A9891F4AB8D8001465E4 /* RemindCombinationViewController.swift */; };
		5332A98C1F4AB9BD001465E4 /* RemindTableViewController.swift in Sources */ = {isa = PBXBuildFile; fileRef = 5332A98B1F4AB9BD001465E4 /* RemindTableViewController.swift */; };
		5332A98E1F4ACE40001465E4 /* LoanCacheManage.swift in Sources */ = {isa = PBXBuildFile; fileRef = 5332A98D1F4ACE40001465E4 /* LoanCacheManage.swift */; };
		53351B8C1F669C0200717C26 /* FriendshipRecommenViewController.swift in Sources */ = {isa = PBXBuildFile; fileRef = 53351B8B1F669C0200717C26 /* FriendshipRecommenViewController.swift */; };
		53351B8E1F669D1B00717C26 /* FriendshipTableViewCell.swift in Sources */ = {isa = PBXBuildFile; fileRef = 53351B8D1F669D1B00717C26 /* FriendshipTableViewCell.swift */; };
		53351B921F66A79700717C26 /* fangdai.png in Resources */ = {isa = PBXBuildFile; fileRef = 53351B911F66A79500717C26 /* fangdai.png */; };
		53351B961F66ACC800717C26 /* longdai.png in Resources */ = {isa = PBXBuildFile; fileRef = 53351B951F66ACC600717C26 /* longdai.png */; };
		53351B9E1F66B3F000717C26 /* onePai.png in Resources */ = {isa = PBXBuildFile; fileRef = 53351B9D1F66B3EE00717C26 /* onePai.png */; };
		5342E9821F3323E000AC3059 /* titleTableViewCell.swift in Sources */ = {isa = PBXBuildFile; fileRef = 5342E9811F3323E000AC3059 /* titleTableViewCell.swift */; };
		5342E9851F33258900AC3059 /* arrow_right@2x.png in Resources */ = {isa = PBXBuildFile; fileRef = 5342E9831F33258900AC3059 /* arrow_right@2x.png */; };
		5342E9861F33258900AC3059 /* arrow_right@3x.png in Resources */ = {isa = PBXBuildFile; fileRef = 5342E9841F33258900AC3059 /* arrow_right@3x.png */; };
		5342E9891F33261300AC3059 /* about_criticism.png in Resources */ = {isa = PBXBuildFile; fileRef = 5342E9871F33261300AC3059 /* about_criticism.png */; };
		5342E98A1F33261300AC3059 /* about_praise.png in Resources */ = {isa = PBXBuildFile; fileRef = 5342E9881F33261300AC3059 /* about_praise.png */; };
		5342E98C1F33270F00AC3059 /* MoreTableViewCell.swift in Sources */ = {isa = PBXBuildFile; fileRef = 5342E98B1F33270F00AC3059 /* MoreTableViewCell.swift */; };
		534FB71B1F39BB73006E3144 /* LoanModel.swift in Sources */ = {isa = PBXBuildFile; fileRef = 534FB71A1F39BB73006E3144 /* LoanModel.swift */; };
		53578F681F668DA5005B1E4D /* ShareSDK.framework in Frameworks */ = {isa = PBXBuildFile; fileRef = 53578F3A1F668DA4005B1E4D /* ShareSDK.framework */; };
		53578F691F668DA5005B1E4D /* ShareSDKConfigFile.bundle in Resources */ = {isa = PBXBuildFile; fileRef = 53578F3D1F668DA4005B1E4D /* ShareSDKConfigFile.bundle */; };
		53578F6A1F668DA5005B1E4D /* ShareSDKConfigFile.framework in Frameworks */ = {isa = PBXBuildFile; fileRef = 53578F3E1F668DA4005B1E4D /* ShareSDKConfigFile.framework */; };
		53578F6B1F668DA5005B1E4D /* ShareSDKExtension.framework in Frameworks */ = {isa = PBXBuildFile; fileRef = 53578F3F1F668DA4005B1E4D /* ShareSDKExtension.framework */; };
		53578F6C1F668DA5005B1E4D /* ShareSDKUI.bundle in Resources */ = {isa = PBXBuildFile; fileRef = 53578F401F668DA4005B1E4D /* ShareSDKUI.bundle */; };
		53578F6D1F668DA5005B1E4D /* ShareSDKUI.framework in Frameworks */ = {isa = PBXBuildFile; fileRef = 53578F411F668DA4005B1E4D /* ShareSDKUI.framework */; };
		53578F6E1F668DA5005B1E4D /* CopyConnector.framework in Frameworks */ = {isa = PBXBuildFile; fileRef = 53578F431F668DA4005B1E4D /* CopyConnector.framework */; };
		53578F731F668DA5005B1E4D /* QQConnector.framework in Frameworks */ = {isa = PBXBuildFile; fileRef = 53578F481F668DA4005B1E4D /* QQConnector.framework */; };
		53578F741F668DA5005B1E4D /* SinaWeiboConnector.framework in Frameworks */ = {isa = PBXBuildFile; fileRef = 53578F491F668DA4005B1E4D /* SinaWeiboConnector.framework */; };
		53578F761F668DA5005B1E4D /* WechatConnector.framework in Frameworks */ = {isa = PBXBuildFile; fileRef = 53578F4B1F668DA4005B1E4D /* WechatConnector.framework */; };
		53578F7B1F668DA5005B1E4D /* TencentOpenAPI.framework in Frameworks */ = {isa = PBXBuildFile; fileRef = 53578F541F668DA4005B1E4D /* TencentOpenAPI.framework */; };
		53578F7C1F668DA5005B1E4D /* TencentOpenApi_IOS_Bundle.bundle in Resources */ = {isa = PBXBuildFile; fileRef = 53578F551F668DA4005B1E4D /* TencentOpenApi_IOS_Bundle.bundle */; };
		53578F7D1F668DA5005B1E4D /* libWeiboSDK.a in Frameworks */ = {isa = PBXBuildFile; fileRef = 53578F571F668DA4005B1E4D /* libWeiboSDK.a */; };
		53578F7E1F668DA5005B1E4D /* WeiboSDK.bundle in Resources */ = {isa = PBXBuildFile; fileRef = 53578F5B1F668DA4005B1E4D /* WeiboSDK.bundle */; };
		53578F7F1F668DA5005B1E4D /* libWeChatSDK.a in Frameworks */ = {isa = PBXBuildFile; fileRef = 53578F5E1F668DA4005B1E4D /* libWeChatSDK.a */; };
		53578F801F668DA5005B1E4D /* README.txt in Resources */ = {isa = PBXBuildFile; fileRef = 53578F5F1F668DA4005B1E4D /* README.txt */; };
		53578F811F668DA5005B1E4D /* ShareSDK.bundle in Resources */ = {isa = PBXBuildFile; fileRef = 53578F641F668DA4005B1E4D /* ShareSDK.bundle */; };
		53578F821F668DA5005B1E4D /* ShareSDKConnector.framework in Frameworks */ = {isa = PBXBuildFile; fileRef = 53578F651F668DA4005B1E4D /* ShareSDKConnector.framework */; };
		53578F831F668DA5005B1E4D /* MOBFoundation.framework in Frameworks */ = {isa = PBXBuildFile; fileRef = 53578F671F668DA4005B1E4D /* MOBFoundation.framework */; };
		5365B7EF1F5F943A001FFEA5 /* libicucore.tbd in Frameworks */ = {isa = PBXBuildFile; fileRef = 5365B7EE1F5F943A001FFEA5 /* libicucore.tbd */; };
		5365B7F11F5F9445001FFEA5 /* libz.tbd in Frameworks */ = {isa = PBXBuildFile; fileRef = 5365B7F01F5F9444001FFEA5 /* libz.tbd */; };
		5365B7F31F5F944F001FFEA5 /* libstdc++.tbd in Frameworks */ = {isa = PBXBuildFile; fileRef = 5365B7F21F5F944F001FFEA5 /* libstdc++.tbd */; };
		5365B7F51F5F9459001FFEA5 /* JavaScriptCore.framework in Frameworks */ = {isa = PBXBuildFile; fileRef = 5365B7F41F5F9459001FFEA5 /* JavaScriptCore.framework */; };
		5365B7F71F5F9463001FFEA5 /* ImageIO.framework in Frameworks */ = {isa = PBXBuildFile; fileRef = 5365B7F61F5F9463001FFEA5 /* ImageIO.framework */; };
		5365B7F91F5F946F001FFEA5 /* libsqlite3.tbd in Frameworks */ = {isa = PBXBuildFile; fileRef = 5365B7F81F5F946F001FFEA5 /* libsqlite3.tbd */; };
		5365B7FB1F5F9490001FFEA5 /* AssetsLibrary.framework in Frameworks */ = {isa = PBXBuildFile; fileRef = 5365B7FA1F5F9490001FFEA5 /* AssetsLibrary.framework */; };
		5365B7FD1F5F949C001FFEA5 /* Photos.framework in Frameworks */ = {isa = PBXBuildFile; fileRef = 5365B7FC1F5F949C001FFEA5 /* Photos.framework */; };
		5367FD861F6A382E00449B5B /* lanyamao.png in Resources */ = {isa = PBXBuildFile; fileRef = 5367FD851F6A382C00449B5B /* lanyamao.png */; };
		5367FD8E1F6A6C1900449B5B /* JZNumberKeyboard.m in Sources */ = {isa = PBXBuildFile; fileRef = 5367FD8C1F6A6AE900449B5B /* JZNumberKeyboard.m */; };
		5367FD931F6A6C7D00449B5B /* delete@2x.png in Resources */ = {isa = PBXBuildFile; fileRef = 5367FD901F6A6C6A00449B5B /* delete@2x.png */; };
		5367FD941F6A6C7F00449B5B /* delete@3x.png in Resources */ = {isa = PBXBuildFile; fileRef = 5367FD8F1F6A6C6900449B5B /* delete@3x.png */; };
		5367FD951F6A6C8100449B5B /* resign@2x.png in Resources */ = {isa = PBXBuildFile; fileRef = 5367FD921F6A6C6A00449B5B /* resign@2x.png */; };
		5367FD961F6A6C8400449B5B /* resign@3x.png in Resources */ = {isa = PBXBuildFile; fileRef = 5367FD911F6A6C6A00449B5B /* resign@3x.png */; };
		5375E0571F96EFAC00964123 /* lifeHeadView.swift in Sources */ = {isa = PBXBuildFile; fileRef = 5375E0561F96EFAC00964123 /* lifeHeadView.swift */; };
		5375E0601F97177E00964123 /* baiDu.png in Resources */ = {isa = PBXBuildFile; fileRef = 5375E0581F97174800964123 /* baiDu.png */; };
		5375E0611F97178400964123 /* chouTi.png in Resources */ = {isa = PBXBuildFile; fileRef = 5375E05F1F97174900964123 /* chouTi.png */; };
		5375E0621F97178600964123 /* jingDong.png in Resources */ = {isa = PBXBuildFile; fileRef = 5375E05A1F97174800964123 /* jingDong.png */; };
		5375E0631F97178800964123 /* meiTuan.png in Resources */ = {isa = PBXBuildFile; fileRef = 5375E05C1F97174900964123 /* meiTuan.png */; };
		5375E0651F97178D00964123 /* taoBao2.png in Resources */ = {isa = PBXBuildFile; fileRef = 5375E05B1F97174800964123 /* taoBao2.png */; };
		5375E0661F97178F00964123 /* tengXunNew.png in Resources */ = {isa = PBXBuildFile; fileRef = 5375E0591F97174800964123 /* tengXunNew.png */; };
		5375E0671F97179200964123 /* wuMi.png in Resources */ = {isa = PBXBuildFile; fileRef = 5375E05D1F97174900964123 /* wuMi.png */; };
		5375E06B1F9734E900964123 /* taoBao.png in Resources */ = {isa = PBXBuildFile; fileRef = 5375E06A1F9734E700964123 /* taoBao.png */; };
		5375E06D1F98499000964123 /* qiche.png in Resources */ = {isa = PBXBuildFile; fileRef = 5375E06C1F98498D00964123 /* qiche.png */; };
		5375E0711F9849C100964123 /* tupian.png in Resources */ = {isa = PBXBuildFile; fileRef = 5375E0701F9849BD00964123 /* tupian.png */; };
		5375E0731F9849C500964123 /* video.png in Resources */ = {isa = PBXBuildFile; fileRef = 5375E06E1F9849A900964123 /* video.png */; };
		5375E0751F984B0100964123 /* sina.png in Resources */ = {isa = PBXBuildFile; fileRef = 5375E0741F984AFF00964123 /* sina.png */; };
		537F92691F43073300ABAFC8 /* XZSwiftNumberKeyboard.swift in Sources */ = {isa = PBXBuildFile; fileRef = 537F92681F43073300ABAFC8 /* XZSwiftNumberKeyboard.swift */; };
		537F926B1F43CD2C00ABAFC8 /* CombinationDetailsTableViewController.swift in Sources */ = {isa = PBXBuildFile; fileRef = 537F926A1F43CD2C00ABAFC8 /* CombinationDetailsTableViewController.swift */; };
		538330491F3C644B004AAB2B /* LoanDetailsTableViewCell.swift in Sources */ = {isa = PBXBuildFile; fileRef = 538330481F3C644B004AAB2B /* LoanDetailsTableViewCell.swift */; };
		5383304B1F3C6469004AAB2B /* LoanDetailsTableViewController.swift in Sources */ = {isa = PBXBuildFile; fileRef = 5383304A1F3C6469004AAB2B /* LoanDetailsTableViewController.swift */; };
		539795291F3327D5009AFED4 /* Icon-60@2x.png in Resources */ = {isa = PBXBuildFile; fileRef = 539795271F3327D5009AFED4 /* Icon-60@2x.png */; };
		5397952A1F3327D5009AFED4 /* Icon-60@3x.png in Resources */ = {isa = PBXBuildFile; fileRef = 539795281F3327D5009AFED4 /* Icon-60@3x.png */; };
		539807401F67DEC3004127CA /* tianqi.png in Resources */ = {isa = PBXBuildFile; fileRef = 5398073F1F67DEC1004127CA /* tianqi.png */; };
		539807421F67E0A8004127CA /* v2ex.png in Resources */ = {isa = PBXBuildFile; fileRef = 539807411F67E0A6004127CA /* v2ex.png */; };
		53A4EF281F2ED46B00EF58EB /* AppDelegate.swift in Sources */ = {isa = PBXBuildFile; fileRef = 53A4EF271F2ED46B00EF58EB /* AppDelegate.swift */; };
		53A4EF2D1F2ED46B00EF58EB /* Main.storyboard in Resources */ = {isa = PBXBuildFile; fileRef = 53A4EF2B1F2ED46B00EF58EB /* Main.storyboard */; };
		53A4EF2F1F2ED46B00EF58EB /* Assets.xcassets in Resources */ = {isa = PBXBuildFile; fileRef = 53A4EF2E1F2ED46B00EF58EB /* Assets.xcassets */; };
		53A4EF711F2F075500EF58EB /* icon_tabbar_onsite@2x.png in Resources */ = {isa = PBXBuildFile; fileRef = 53A4EF6B1F2F075500EF58EB /* icon_tabbar_onsite@2x.png */; };
		53A4EF721F2F075500EF58EB /* icon_tabbar_onsite_selected@2x.png in Resources */ = {isa = PBXBuildFile; fileRef = 53A4EF6C1F2F075500EF58EB /* icon_tabbar_onsite_selected@2x.png */; };
		53A4EF731F2F075500EF58EB /* tabbar_home@2x.png in Resources */ = {isa = PBXBuildFile; fileRef = 53A4EF6D1F2F075500EF58EB /* tabbar_home@2x.png */; };
		53A4EF741F2F075500EF58EB /* tabbar_home@3x.png in Resources */ = {isa = PBXBuildFile; fileRef = 53A4EF6E1F2F075500EF58EB /* tabbar_home@3x.png */; };
		53A4EF751F2F075500EF58EB /* tabbar_home_selected@2x.png in Resources */ = {isa = PBXBuildFile; fileRef = 53A4EF6F1F2F075500EF58EB /* tabbar_home_selected@2x.png */; };
		53A4EF761F2F075500EF58EB /* tabbar_home_selected@3x.png in Resources */ = {isa = PBXBuildFile; fileRef = 53A4EF701F2F075500EF58EB /* tabbar_home_selected@3x.png */; };
		53A4EF881F2F353100EF58EB /* MoreViewController.swift in Sources */ = {isa = PBXBuildFile; fileRef = 53A4EF861F2F353100EF58EB /* MoreViewController.swift */; };
		53A4EF891F2F353100EF58EB /* RootViewController.swift in Sources */ = {isa = PBXBuildFile; fileRef = 53A4EF871F2F353100EF58EB /* RootViewController.swift */; };
		53CF32F51F6FC41100881801 /* HousingMarketApi.swift in Sources */ = {isa = PBXBuildFile; fileRef = 53CF32F41F6FC41100881801 /* HousingMarketApi.swift */; };
		53CF32F71F6FC53E00881801 /* ChouTiTargetType.swift in Sources */ = {isa = PBXBuildFile; fileRef = 53CF32F61F6FC53D00881801 /* ChouTiTargetType.swift */; };
		53D3BD541FB1463B00D6CB87 /* wangzhi.png in Resources */ = {isa = PBXBuildFile; fileRef = 53D3BD531FB1463B00D6CB87 /* wangzhi.png */; };
		53D777001F30591A0074B52C /* BaseTableViewCell.swift in Sources */ = {isa = PBXBuildFile; fileRef = 53D776FF1F30591A0074B52C /* BaseTableViewCell.swift */; };
		53D777061F306CEC0074B52C /* CommercialLoansTableViewController.swift in Sources */ = {isa = PBXBuildFile; fileRef = 53D777051F306CEC0074B52C /* CommercialLoansTableViewController.swift */; };
		53D777101F307EE60074B52C /* UITableView+Extension.swift in Sources */ = {isa = PBXBuildFile; fileRef = 53D777091F307EE60074B52C /* UITableView+Extension.swift */; };
		53D777111F307EE60074B52C /* UITableView+FINAutomaticHeightCell.swift in Sources */ = {isa = PBXBuildFile; fileRef = 53D7770B1F307EE60074B52C /* UITableView+FINAutomaticHeightCell.swift */; };
		53D777131F307EE60074B52C /* XZSetting.swift in Sources */ = {isa = PBXBuildFile; fileRef = 53D7770D1F307EE60074B52C /* XZSetting.swift */; };
		53D777141F307EE60074B52C /* XZSwiftColor.swift in Sources */ = {isa = PBXBuildFile; fileRef = 53D7770E1F307EE60074B52C /* XZSwiftColor.swift */; };
		53D777151F307EE60074B52C /* XZSwiftNavigationController.swift in Sources */ = {isa = PBXBuildFile; fileRef = 53D7770F1F307EE60074B52C /* XZSwiftNavigationController.swift */; };
		53D777171F30869E0074B52C /* LoansTypeTableViewCell.swift in Sources */ = {isa = PBXBuildFile; fileRef = 53D777161F30869E0074B52C /* LoansTypeTableViewCell.swift */; };
		53D7771B1F308A600074B52C /* CombinationLoabsTableViewController.swift in Sources */ = {isa = PBXBuildFile; fileRef = 53D7771A1F308A600074B52C /* CombinationLoabsTableViewController.swift */; };
		53F052EB1F6BC5050035EF5A /* Observable+Extension.swift in Sources */ = {isa = PBXBuildFile; fileRef = 53F052EA1F6BC5050035EF5A /* Observable+Extension.swift */; };
		53F052EE1F6BC5C10035EF5A /* HousingMarketListViewController.swift in Sources */ = {isa = PBXBuildFile; fileRef = 53F052ED1F6BC5C10035EF5A /* HousingMarketListViewController.swift */; };
		53F052F31F6BD2370035EF5A /* tabbar_housing_selected@2x.png in Resources */ = {isa = PBXBuildFile; fileRef = 53F052EF1F6BD1F30035EF5A /* tabbar_housing_selected@2x.png */; };
		53F052F41F6BD2390035EF5A /* tabbar_housing_selected@3x.png in Resources */ = {isa = PBXBuildFile; fileRef = 53F052F01F6BD1F30035EF5A /* tabbar_housing_selected@3x.png */; };
		53F052F51F6BD23B0035EF5A /* tabbar_housing@2x.png in Resources */ = {isa = PBXBuildFile; fileRef = 53F052F11F6BD1F30035EF5A /* tabbar_housing@2x.png */; };
		53F052F61F6BD23E0035EF5A /* tabbar_housing@3x.png in Resources */ = {isa = PBXBuildFile; fileRef = 53F052F21F6BD1F40035EF5A /* tabbar_housing@3x.png */; };
		53F052F81F6BDD980035EF5A /* HousMarketListTableViewCell.swift in Sources */ = {isa = PBXBuildFile; fileRef = 53F052F71F6BDD980035EF5A /* HousMarketListTableViewCell.swift */; };
/* End PBXBuildFile section */

/* Begin PBXFileReference section */
		27C9C1988F24C78114E1FC27 /* Pods_MortgageCalculator_Swift.framework */ = {isa = PBXFileReference; explicitFileType = wrapper.framework; includeInIndex = 0; path = Pods_MortgageCalculator_Swift.framework; sourceTree = BUILT_PRODUCTS_DIR; };
		42DEC60004CE9954417B897E /* Pods-MortgageCalculator-Swift.release.xcconfig */ = {isa = PBXFileReference; includeInIndex = 1; lastKnownFileType = text.xcconfig; name = "Pods-MortgageCalculator-Swift.release.xcconfig"; path = "Pods/Target Support Files/Pods-MortgageCalculator-Swift/Pods-MortgageCalculator-Swift.release.xcconfig"; sourceTree = "<group>"; };
		530338351F591DE600848A6E /* selectbianji@3x.png */ = {isa = PBXFileReference; lastKnownFileType = image.png; path = "selectbianji@3x.png"; sourceTree = "<group>"; };
		530338361F591DE700848A6E /* selectbianji@2x.png */ = {isa = PBXFileReference; lastKnownFileType = image.png; path = "selectbianji@2x.png"; sourceTree = "<group>"; };
		530338391F591E3B00848A6E /* bianji@3x.png */ = {isa = PBXFileReference; lastKnownFileType = image.png; path = "bianji@3x.png"; sourceTree = "<group>"; };
		5303383A1F591E3B00848A6E /* bianji@2x.png */ = {isa = PBXFileReference; lastKnownFileType = image.png; path = "bianji@2x.png"; sourceTree = "<group>"; };
		530DDB841F4287EA0012A740 /* AccumulationFundTableViewController.swift */ = {isa = PBXFileReference; fileEncoding = 4; lastKnownFileType = sourcecode.swift; path = AccumulationFundTableViewController.swift; sourceTree = "<group>"; };
		531152A11F6FC8B600E2B70E /* HousingMarketManager.swift */ = {isa = PBXFileReference; lastKnownFileType = sourcecode.swift; path = HousingMarketManager.swift; sourceTree = "<group>"; };
		531152A31F6FCC4500E2B70E /* HousingMarketModel.swift */ = {isa = PBXFileReference; lastKnownFileType = sourcecode.swift; path = HousingMarketModel.swift; sourceTree = "<group>"; };
		531152AD1F70B97E00E2B70E /* Id.swift */ = {isa = PBXFileReference; lastKnownFileType = sourcecode.swift; path = Id.swift; sourceTree = "<group>"; };
		531152AE1F70B97F00E2B70E /* Idlist.swift */ = {isa = PBXFileReference; lastKnownFileType = sourcecode.swift; path = Idlist.swift; sourceTree = "<group>"; };
		531152AF1F70B97F00E2B70E /* Newslist.swift */ = {isa = PBXFileReference; lastKnownFileType = sourcecode.swift; path = Newslist.swift; sourceTree = "<group>"; };
		531152B31F70B98400E2B70E /* RootClass.swift */ = {isa = PBXFileReference; lastKnownFileType = sourcecode.swift; path = RootClass.swift; sourceTree = "<group>"; };
		531152C21F71134900E2B70E /* Pods_MortgageCalculator_Swift.framework */ = {isa = PBXFileReference; explicitFileType = wrapper.framework; path = Pods_MortgageCalculator_Swift.framework; sourceTree = BUILT_PRODUCTS_DIR; };
		531C8CA91F73995D00BC7B5E /* UIWebViewController.swift */ = {isa = PBXFileReference; lastKnownFileType = sourcecode.swift; path = UIWebViewController.swift; sourceTree = "<group>"; };
		531C8CAB1F74B54F00BC7B5E /* ZJRefreshControl.swift */ = {isa = PBXFileReference; lastKnownFileType = sourcecode.swift; path = ZJRefreshControl.swift; sourceTree = "<group>"; };
		5321DE391F31BDF200184F9D /* XZClient.swift */ = {isa = PBXFileReference; fileEncoding = 4; lastKnownFileType = sourcecode.swift; path = XZClient.swift; sourceTree = "<group>"; };
		5321DE3C1F31C3AB00184F9D /* NotoSansHans-DemiLight.otf */ = {isa = PBXFileReference; lastKnownFileType = file; path = "NotoSansHans-DemiLight.otf"; sourceTree = "<group>"; };
		5321DE3D1F31C3AB00184F9D /* NotoSansHans-Light.otf */ = {isa = PBXFileReference; lastKnownFileType = file; path = "NotoSansHans-Light.otf"; sourceTree = "<group>"; };
		5321DE441F31D05C00184F9D /* BottonTableViewCell.swift */ = {isa = PBXFileReference; fileEncoding = 4; lastKnownFileType = sourcecode.swift; path = BottonTableViewCell.swift; sourceTree = "<group>"; };
		5321DE481F31E2A900184F9D /* tabbar_profile_selected@2x.png */ = {isa = PBXFileReference; lastKnownFileType = image.png; path = "tabbar_profile_selected@2x.png"; sourceTree = "<group>"; };
		5321DE491F31E2A900184F9D /* tabbar_profile_selected@3x.png */ = {isa = PBXFileReference; lastKnownFileType = image.png; path = "tabbar_profile_selected@3x.png"; sourceTree = "<group>"; };
		5321DE4A1F31E2A900184F9D /* tabbar_profile@2x.png */ = {isa = PBXFileReference; lastKnownFileType = image.png; path = "tabbar_profile@2x.png"; sourceTree = "<group>"; };
		5321DE4B1F31E2A900184F9D /* tabbar_profile@3x.png */ = {isa = PBXFileReference; lastKnownFileType = image.png; path = "tabbar_profile@3x.png"; sourceTree = "<group>"; };
		5332A97A1F4A8C30001465E4 /* RemindTableViewCell.swift */ = {isa = PBXFileReference; fileEncoding = 4; lastKnownFileType = sourcecode.swift; path = RemindTableViewCell.swift; sourceTree = "<group>"; };
		5332A9831F4AB27D001465E4 /* RemindEditorViewController.swift */ = {isa = PBXFileReference; fileEncoding = 4; lastKnownFileType = sourcecode.swift; path = RemindEditorViewController.swift; sourceTree = "<group>"; };
		5332A9851F4AB768001465E4 /* RemindCommercialViewController.swift */ = {isa = PBXFileReference; fileEncoding = 4; lastKnownFileType = sourcecode.swift; path = RemindCommercialViewController.swift; sourceTree = "<group>"; };
		5332A9871F4AB7EE001465E4 /* RemindAccumulationViewController.swift */ = {isa = PBXFileReference; fileEncoding = 4; lastKnownFileType = sourcecode.swift; path = RemindAccumulationViewController.swift; sourceTree = "<group>"; };
		5332A9891F4AB8D8001465E4 /* RemindCombinationViewController.swift */ = {isa = PBXFileReference; fileEncoding = 4; lastKnownFileType = sourcecode.swift; path = RemindCombinationViewController.swift; sourceTree = "<group>"; };
		5332A98B1F4AB9BD001465E4 /* RemindTableViewController.swift */ = {isa = PBXFileReference; fileEncoding = 4; lastKnownFileType = sourcecode.swift; path = RemindTableViewController.swift; sourceTree = "<group>"; };
		5332A98D1F4ACE40001465E4 /* LoanCacheManage.swift */ = {isa = PBXFileReference; fileEncoding = 4; lastKnownFileType = sourcecode.swift; path = LoanCacheManage.swift; sourceTree = "<group>"; };
		53351B8B1F669C0200717C26 /* FriendshipRecommenViewController.swift */ = {isa = PBXFileReference; lastKnownFileType = sourcecode.swift; path = FriendshipRecommenViewController.swift; sourceTree = "<group>"; };
		53351B8D1F669D1B00717C26 /* FriendshipTableViewCell.swift */ = {isa = PBXFileReference; lastKnownFileType = sourcecode.swift; path = FriendshipTableViewCell.swift; sourceTree = "<group>"; };
		53351B911F66A79500717C26 /* fangdai.png */ = {isa = PBXFileReference; lastKnownFileType = image.png; path = fangdai.png; sourceTree = "<group>"; };
		53351B951F66ACC600717C26 /* longdai.png */ = {isa = PBXFileReference; lastKnownFileType = image.png; path = longdai.png; sourceTree = "<group>"; };
		53351B9D1F66B3EE00717C26 /* onePai.png */ = {isa = PBXFileReference; lastKnownFileType = image.png; path = onePai.png; sourceTree = "<group>"; };
		5342E9811F3323E000AC3059 /* titleTableViewCell.swift */ = {isa = PBXFileReference; fileEncoding = 4; lastKnownFileType = sourcecode.swift; path = titleTableViewCell.swift; sourceTree = "<group>"; };
		5342E9831F33258900AC3059 /* arrow_right@2x.png */ = {isa = PBXFileReference; lastKnownFileType = image.png; path = "arrow_right@2x.png"; sourceTree = "<group>"; };
		5342E9841F33258900AC3059 /* arrow_right@3x.png */ = {isa = PBXFileReference; lastKnownFileType = image.png; path = "arrow_right@3x.png"; sourceTree = "<group>"; };
		5342E9871F33261300AC3059 /* about_criticism.png */ = {isa = PBXFileReference; lastKnownFileType = image.png; path = about_criticism.png; sourceTree = "<group>"; };
		5342E9881F33261300AC3059 /* about_praise.png */ = {isa = PBXFileReference; lastKnownFileType = image.png; path = about_praise.png; sourceTree = "<group>"; };
		5342E98B1F33270F00AC3059 /* MoreTableViewCell.swift */ = {isa = PBXFileReference; fileEncoding = 4; lastKnownFileType = sourcecode.swift; path = MoreTableViewCell.swift; sourceTree = "<group>"; };
		534C9C391F5D134800511672 /* MortgageCalculator-Swift.entitlements */ = {isa = PBXFileReference; lastKnownFileType = text.plist.entitlements; path = "MortgageCalculator-Swift.entitlements"; sourceTree = "<group>"; };
		534FB71A1F39BB73006E3144 /* LoanModel.swift */ = {isa = PBXFileReference; fileEncoding = 4; lastKnownFileType = sourcecode.swift; path = LoanModel.swift; sourceTree = "<group>"; };
		53578F3A1F668DA4005B1E4D /* ShareSDK.framework */ = {isa = PBXFileReference; lastKnownFileType = wrapper.framework; path = ShareSDK.framework; sourceTree = "<group>"; };
		53578F3D1F668DA4005B1E4D /* ShareSDKConfigFile.bundle */ = {isa = PBXFileReference; lastKnownFileType = "wrapper.plug-in"; path = ShareSDKConfigFile.bundle; sourceTree = "<group>"; };
		53578F3E1F668DA4005B1E4D /* ShareSDKConfigFile.framework */ = {isa = PBXFileReference; lastKnownFileType = wrapper.framework; path = ShareSDKConfigFile.framework; sourceTree = "<group>"; };
		53578F3F1F668DA4005B1E4D /* ShareSDKExtension.framework */ = {isa = PBXFileReference; lastKnownFileType = wrapper.framework; path = ShareSDKExtension.framework; sourceTree = "<group>"; };
		53578F401F668DA4005B1E4D /* ShareSDKUI.bundle */ = {isa = PBXFileReference; lastKnownFileType = "wrapper.plug-in"; path = ShareSDKUI.bundle; sourceTree = "<group>"; };
		53578F411F668DA4005B1E4D /* ShareSDKUI.framework */ = {isa = PBXFileReference; lastKnownFileType = wrapper.framework; path = ShareSDKUI.framework; sourceTree = "<group>"; };
		53578F431F668DA4005B1E4D /* CopyConnector.framework */ = {isa = PBXFileReference; lastKnownFileType = wrapper.framework; path = CopyConnector.framework; sourceTree = "<group>"; };
		53578F481F668DA4005B1E4D /* QQConnector.framework */ = {isa = PBXFileReference; lastKnownFileType = wrapper.framework; path = QQConnector.framework; sourceTree = "<group>"; };
		53578F491F668DA4005B1E4D /* SinaWeiboConnector.framework */ = {isa = PBXFileReference; lastKnownFileType = wrapper.framework; path = SinaWeiboConnector.framework; sourceTree = "<group>"; };
		53578F4B1F668DA4005B1E4D /* WechatConnector.framework */ = {isa = PBXFileReference; lastKnownFileType = wrapper.framework; path = WechatConnector.framework; sourceTree = "<group>"; };
		53578F541F668DA4005B1E4D /* TencentOpenAPI.framework */ = {isa = PBXFileReference; lastKnownFileType = wrapper.framework; path = TencentOpenAPI.framework; sourceTree = "<group>"; };
		53578F551F668DA4005B1E4D /* TencentOpenApi_IOS_Bundle.bundle */ = {isa = PBXFileReference; lastKnownFileType = "wrapper.plug-in"; path = TencentOpenApi_IOS_Bundle.bundle; sourceTree = "<group>"; };
		53578F571F668DA4005B1E4D /* libWeiboSDK.a */ = {isa = PBXFileReference; lastKnownFileType = archive.ar; path = libWeiboSDK.a; sourceTree = "<group>"; };
		53578F581F668DA4005B1E4D /* WBHttpRequest+WeiboToken.h */ = {isa = PBXFileReference; fileEncoding = 4; lastKnownFileType = sourcecode.c.h; path = "WBHttpRequest+WeiboToken.h"; sourceTree = "<group>"; };
		53578F591F668DA4005B1E4D /* WBHttpRequest.h */ = {isa = PBXFileReference; fileEncoding = 4; lastKnownFileType = sourcecode.c.h; path = WBHttpRequest.h; sourceTree = "<group>"; };
		53578F5A1F668DA4005B1E4D /* WeiboSDK+Statistics.h */ = {isa = PBXFileReference; fileEncoding = 4; lastKnownFileType = sourcecode.c.h; path = "WeiboSDK+Statistics.h"; sourceTree = "<group>"; };
		53578F5B1F668DA4005B1E4D /* WeiboSDK.bundle */ = {isa = PBXFileReference; lastKnownFileType = "wrapper.plug-in"; path = WeiboSDK.bundle; sourceTree = "<group>"; };
		53578F5C1F668DA4005B1E4D /* WeiboSDK.h */ = {isa = PBXFileReference; fileEncoding = 4; lastKnownFileType = sourcecode.c.h; path = WeiboSDK.h; sourceTree = "<group>"; };
		53578F5E1F668DA4005B1E4D /* libWeChatSDK.a */ = {isa = PBXFileReference; lastKnownFileType = archive.ar; path = libWeChatSDK.a; sourceTree = "<group>"; };
		53578F5F1F668DA4005B1E4D /* README.txt */ = {isa = PBXFileReference; fileEncoding = 4; lastKnownFileType = text; path = README.txt; sourceTree = "<group>"; };
		53578F601F668DA4005B1E4D /* WechatAuthSDK.h */ = {isa = PBXFileReference; fileEncoding = 4; lastKnownFileType = sourcecode.c.h; path = WechatAuthSDK.h; sourceTree = "<group>"; };
		53578F611F668DA4005B1E4D /* WXApi.h */ = {isa = PBXFileReference; fileEncoding = 4; lastKnownFileType = sourcecode.c.h; path = WXApi.h; sourceTree = "<group>"; };
		53578F621F668DA4005B1E4D /* WXApiObject.h */ = {isa = PBXFileReference; fileEncoding = 4; lastKnownFileType = sourcecode.c.h; path = WXApiObject.h; sourceTree = "<group>"; };
		53578F641F668DA4005B1E4D /* ShareSDK.bundle */ = {isa = PBXFileReference; lastKnownFileType = "wrapper.plug-in"; path = ShareSDK.bundle; sourceTree = "<group>"; };
		53578F651F668DA4005B1E4D /* ShareSDKConnector.framework */ = {isa = PBXFileReference; lastKnownFileType = wrapper.framework; path = ShareSDKConnector.framework; sourceTree = "<group>"; };
		53578F671F668DA4005B1E4D /* MOBFoundation.framework */ = {isa = PBXFileReference; lastKnownFileType = wrapper.framework; path = MOBFoundation.framework; sourceTree = "<group>"; };
		5365B7EE1F5F943A001FFEA5 /* libicucore.tbd */ = {isa = PBXFileReference; lastKnownFileType = "sourcecode.text-based-dylib-definition"; name = libicucore.tbd; path = usr/lib/libicucore.tbd; sourceTree = SDKROOT; };
		5365B7F01F5F9444001FFEA5 /* libz.tbd */ = {isa = PBXFileReference; lastKnownFileType = "sourcecode.text-based-dylib-definition"; name = libz.tbd; path = usr/lib/libz.tbd; sourceTree = SDKROOT; };
		5365B7F21F5F944F001FFEA5 /* libstdc++.tbd */ = {isa = PBXFileReference; lastKnownFileType = "sourcecode.text-based-dylib-definition"; name = "libstdc++.tbd"; path = "usr/lib/libstdc++.tbd"; sourceTree = SDKROOT; };
		5365B7F41F5F9459001FFEA5 /* JavaScriptCore.framework */ = {isa = PBXFileReference; lastKnownFileType = wrapper.framework; name = JavaScriptCore.framework; path = System/Library/Frameworks/JavaScriptCore.framework; sourceTree = SDKROOT; };
		5365B7F61F5F9463001FFEA5 /* ImageIO.framework */ = {isa = PBXFileReference; lastKnownFileType = wrapper.framework; name = ImageIO.framework; path = System/Library/Frameworks/ImageIO.framework; sourceTree = SDKROOT; };
		5365B7F81F5F946F001FFEA5 /* libsqlite3.tbd */ = {isa = PBXFileReference; lastKnownFileType = "sourcecode.text-based-dylib-definition"; name = libsqlite3.tbd; path = usr/lib/libsqlite3.tbd; sourceTree = SDKROOT; };
		5365B7FA1F5F9490001FFEA5 /* AssetsLibrary.framework */ = {isa = PBXFileReference; lastKnownFileType = wrapper.framework; name = AssetsLibrary.framework; path = System/Library/Frameworks/AssetsLibrary.framework; sourceTree = SDKROOT; };
		5365B7FC1F5F949C001FFEA5 /* Photos.framework */ = {isa = PBXFileReference; lastKnownFileType = wrapper.framework; name = Photos.framework; path = System/Library/Frameworks/Photos.framework; sourceTree = SDKROOT; };
		5365B7FF1F5F9569001FFEA5 /* MortgageCalculator-Swift-Bridging-Header.h */ = {isa = PBXFileReference; lastKnownFileType = sourcecode.c.h; path = "MortgageCalculator-Swift-Bridging-Header.h"; sourceTree = "<group>"; };
		5367FD851F6A382C00449B5B /* lanyamao.png */ = {isa = PBXFileReference; lastKnownFileType = image.png; path = lanyamao.png; sourceTree = "<group>"; };
		5367FD8B1F6A6AE900449B5B /* JZNumberKeyboard.h */ = {isa = PBXFileReference; lastKnownFileType = sourcecode.c.h; path = JZNumberKeyboard.h; sourceTree = "<group>"; };
		5367FD8C1F6A6AE900449B5B /* JZNumberKeyboard.m */ = {isa = PBXFileReference; lastKnownFileType = sourcecode.c.objc; path = JZNumberKeyboard.m; sourceTree = "<group>"; };
		5367FD8F1F6A6C6900449B5B /* delete@3x.png */ = {isa = PBXFileReference; lastKnownFileType = image.png; path = "delete@3x.png"; sourceTree = "<group>"; };
		5367FD901F6A6C6A00449B5B /* delete@2x.png */ = {isa = PBXFileReference; lastKnownFileType = image.png; path = "delete@2x.png"; sourceTree = "<group>"; };
		5367FD911F6A6C6A00449B5B /* resign@3x.png */ = {isa = PBXFileReference; lastKnownFileType = image.png; path = "resign@3x.png"; sourceTree = "<group>"; };
		5367FD921F6A6C6A00449B5B /* resign@2x.png */ = {isa = PBXFileReference; lastKnownFileType = image.png; path = "resign@2x.png"; sourceTree = "<group>"; };
		5375E0561F96EFAC00964123 /* lifeHeadView.swift */ = {isa = PBXFileReference; lastKnownFileType = sourcecode.swift; path = lifeHeadView.swift; sourceTree = "<group>"; };
		5375E0581F97174800964123 /* baiDu.png */ = {isa = PBXFileReference; lastKnownFileType = image.png; path = baiDu.png; sourceTree = "<group>"; };
		5375E0591F97174800964123 /* tengXunNew.png */ = {isa = PBXFileReference; lastKnownFileType = image.png; path = tengXunNew.png; sourceTree = "<group>"; };
		5375E05A1F97174800964123 /* jingDong.png */ = {isa = PBXFileReference; lastKnownFileType = image.png; path = jingDong.png; sourceTree = "<group>"; };
		5375E05B1F97174800964123 /* taoBao2.png */ = {isa = PBXFileReference; lastKnownFileType = image.png; path = taoBao2.png; sourceTree = "<group>"; };
		5375E05C1F97174900964123 /* meiTuan.png */ = {isa = PBXFileReference; lastKnownFileType = image.png; path = meiTuan.png; sourceTree = "<group>"; };
		5375E05D1F97174900964123 /* wuMi.png */ = {isa = PBXFileReference; lastKnownFileType = image.png; path = wuMi.png; sourceTree = "<group>"; };
		5375E05F1F97174900964123 /* chouTi.png */ = {isa = PBXFileReference; lastKnownFileType = image.png; path = chouTi.png; sourceTree = "<group>"; };
		5375E0681F97226700964123 /* longdailogo.png */ = {isa = PBXFileReference; lastKnownFileType = image.png; name = longdailogo.png; path = "../../../../project/logo/默认LOGO/icon2/longdailogo.png"; sourceTree = "<group>"; };
		5375E06A1F9734E700964123 /* taoBao.png */ = {isa = PBXFileReference; lastKnownFileType = image.png; path = taoBao.png; sourceTree = "<group>"; };
		5375E06C1F98498D00964123 /* qiche.png */ = {isa = PBXFileReference; lastKnownFileType = image.png; path = qiche.png; sourceTree = "<group>"; };
		5375E06E1F9849A900964123 /* video.png */ = {isa = PBXFileReference; lastKnownFileType = image.png; path = video.png; sourceTree = "<group>"; };
		5375E0701F9849BD00964123 /* tupian.png */ = {isa = PBXFileReference; lastKnownFileType = image.png; path = tupian.png; sourceTree = "<group>"; };
		5375E0741F984AFF00964123 /* sina.png */ = {isa = PBXFileReference; lastKnownFileType = image.png; path = sina.png; sourceTree = "<group>"; };
		537F92681F43073300ABAFC8 /* XZSwiftNumberKeyboard.swift */ = {isa = PBXFileReference; fileEncoding = 4; lastKnownFileType = sourcecode.swift; path = XZSwiftNumberKeyboard.swift; sourceTree = "<group>"; };
		537F926A1F43CD2C00ABAFC8 /* CombinationDetailsTableViewController.swift */ = {isa = PBXFileReference; fileEncoding = 4; lastKnownFileType = sourcecode.swift; path = CombinationDetailsTableViewController.swift; sourceTree = "<group>"; };
		538330481F3C644B004AAB2B /* LoanDetailsTableViewCell.swift */ = {isa = PBXFileReference; fileEncoding = 4; lastKnownFileType = sourcecode.swift; path = LoanDetailsTableViewCell.swift; sourceTree = "<group>"; };
		5383304A1F3C6469004AAB2B /* LoanDetailsTableViewController.swift */ = {isa = PBXFileReference; fileEncoding = 4; lastKnownFileType = sourcecode.swift; path = LoanDetailsTableViewController.swift; sourceTree = "<group>"; };
		539795271F3327D5009AFED4 /* Icon-60@2x.png */ = {isa = PBXFileReference; lastKnownFileType = image.png; path = "Icon-60@2x.png"; sourceTree = "<group>"; };
		539795281F3327D5009AFED4 /* Icon-60@3x.png */ = {isa = PBXFileReference; lastKnownFileType = image.png; path = "Icon-60@3x.png"; sourceTree = "<group>"; };
		5398073F1F67DEC1004127CA /* tianqi.png */ = {isa = PBXFileReference; lastKnownFileType = image.png; path = tianqi.png; sourceTree = "<group>"; };
		539807411F67E0A6004127CA /* v2ex.png */ = {isa = PBXFileReference; lastKnownFileType = image.png; path = v2ex.png; sourceTree = "<group>"; };
		53A4EF241F2ED46B00EF58EB /* MortgageCalculator-Swift.app */ = {isa = PBXFileReference; explicitFileType = wrapper.application; includeInIndex = 0; path = "MortgageCalculator-Swift.app"; sourceTree = BUILT_PRODUCTS_DIR; };
		53A4EF271F2ED46B00EF58EB /* AppDelegate.swift */ = {isa = PBXFileReference; lastKnownFileType = sourcecode.swift; path = AppDelegate.swift; sourceTree = "<group>"; };
		53A4EF2C1F2ED46B00EF58EB /* Base */ = {isa = PBXFileReference; lastKnownFileType = file.storyboard; name = Base; path = Base.lproj/Main.storyboard; sourceTree = "<group>"; };
		53A4EF2E1F2ED46B00EF58EB /* Assets.xcassets */ = {isa = PBXFileReference; lastKnownFileType = folder.assetcatalog; path = Assets.xcassets; sourceTree = "<group>"; };
		53A4EF331F2ED46B00EF58EB /* Info.plist */ = {isa = PBXFileReference; lastKnownFileType = text.plist.xml; path = Info.plist; sourceTree = "<group>"; };
		53A4EF6B1F2F075500EF58EB /* icon_tabbar_onsite@2x.png */ = {isa = PBXFileReference; lastKnownFileType = image.png; path = "icon_tabbar_onsite@2x.png"; sourceTree = "<group>"; };
		53A4EF6C1F2F075500EF58EB /* icon_tabbar_onsite_selected@2x.png */ = {isa = PBXFileReference; lastKnownFileType = image.png; path = "icon_tabbar_onsite_selected@2x.png"; sourceTree = "<group>"; };
		53A4EF6D1F2F075500EF58EB /* tabbar_home@2x.png */ = {isa = PBXFileReference; lastKnownFileType = image.png; path = "tabbar_home@2x.png"; sourceTree = "<group>"; };
		53A4EF6E1F2F075500EF58EB /* tabbar_home@3x.png */ = {isa = PBXFileReference; lastKnownFileType = image.png; path = "tabbar_home@3x.png"; sourceTree = "<group>"; };
		53A4EF6F1F2F075500EF58EB /* tabbar_home_selected@2x.png */ = {isa = PBXFileReference; lastKnownFileType = image.png; path = "tabbar_home_selected@2x.png"; sourceTree = "<group>"; };
		53A4EF701F2F075500EF58EB /* tabbar_home_selected@3x.png */ = {isa = PBXFileReference; lastKnownFileType = image.png; path = "tabbar_home_selected@3x.png"; sourceTree = "<group>"; };
		53A4EF861F2F353100EF58EB /* MoreViewController.swift */ = {isa = PBXFileReference; fileEncoding = 4; lastKnownFileType = sourcecode.swift; path = MoreViewController.swift; sourceTree = "<group>"; };
		53A4EF871F2F353100EF58EB /* RootViewController.swift */ = {isa = PBXFileReference; fileEncoding = 4; lastKnownFileType = sourcecode.swift; path = RootViewController.swift; sourceTree = "<group>"; };
		53CF32F41F6FC41100881801 /* HousingMarketApi.swift */ = {isa = PBXFileReference; lastKnownFileType = sourcecode.swift; path = HousingMarketApi.swift; sourceTree = "<group>"; };
		53CF32F61F6FC53D00881801 /* ChouTiTargetType.swift */ = {isa = PBXFileReference; lastKnownFileType = sourcecode.swift; path = ChouTiTargetType.swift; sourceTree = "<group>"; };
		53D3BD531FB1463B00D6CB87 /* wangzhi.png */ = {isa = PBXFileReference; lastKnownFileType = image.png; path = wangzhi.png; sourceTree = "<group>"; };
		53D776FF1F30591A0074B52C /* BaseTableViewCell.swift */ = {isa = PBXFileReference; fileEncoding = 4; lastKnownFileType = sourcecode.swift; path = BaseTableViewCell.swift; sourceTree = "<group>"; };
		53D777051F306CEC0074B52C /* CommercialLoansTableViewController.swift */ = {isa = PBXFileReference; fileEncoding = 4; lastKnownFileType = sourcecode.swift; path = CommercialLoansTableViewController.swift; sourceTree = "<group>"; };
		53D777091F307EE60074B52C /* UITableView+Extension.swift */ = {isa = PBXFileReference; fileEncoding = 4; lastKnownFileType = sourcecode.swift; path = "UITableView+Extension.swift"; sourceTree = "<group>"; };
		53D7770B1F307EE60074B52C /* UITableView+FINAutomaticHeightCell.swift */ = {isa = PBXFileReference; fileEncoding = 4; lastKnownFileType = sourcecode.swift; path = "UITableView+FINAutomaticHeightCell.swift"; sourceTree = "<group>"; };
		53D7770D1F307EE60074B52C /* XZSetting.swift */ = {isa = PBXFileReference; fileEncoding = 4; lastKnownFileType = sourcecode.swift; path = XZSetting.swift; sourceTree = "<group>"; };
		53D7770E1F307EE60074B52C /* XZSwiftColor.swift */ = {isa = PBXFileReference; fileEncoding = 4; lastKnownFileType = sourcecode.swift; path = XZSwiftColor.swift; sourceTree = "<group>"; };
		53D7770F1F307EE60074B52C /* XZSwiftNavigationController.swift */ = {isa = PBXFileReference; fileEncoding = 4; lastKnownFileType = sourcecode.swift; path = XZSwiftNavigationController.swift; sourceTree = "<group>"; };
		53D777161F30869E0074B52C /* LoansTypeTableViewCell.swift */ = {isa = PBXFileReference; fileEncoding = 4; lastKnownFileType = sourcecode.swift; path = LoansTypeTableViewCell.swift; sourceTree = "<group>"; };
		53D7771A1F308A600074B52C /* CombinationLoabsTableViewController.swift */ = {isa = PBXFileReference; fileEncoding = 4; lastKnownFileType = sourcecode.swift; path = CombinationLoabsTableViewController.swift; sourceTree = "<group>"; };
		53F052EA1F6BC5050035EF5A /* Observable+Extension.swift */ = {isa = PBXFileReference; lastKnownFileType = sourcecode.swift; path = "Observable+Extension.swift"; sourceTree = "<group>"; };
		53F052ED1F6BC5C10035EF5A /* HousingMarketListViewController.swift */ = {isa = PBXFileReference; lastKnownFileType = sourcecode.swift; path = HousingMarketListViewController.swift; sourceTree = "<group>"; };
		53F052EF1F6BD1F30035EF5A /* tabbar_housing_selected@2x.png */ = {isa = PBXFileReference; lastKnownFileType = image.png; path = "tabbar_housing_selected@2x.png"; sourceTree = "<group>"; };
		53F052F01F6BD1F30035EF5A /* tabbar_housing_selected@3x.png */ = {isa = PBXFileReference; lastKnownFileType = image.png; path = "tabbar_housing_selected@3x.png"; sourceTree = "<group>"; };
		53F052F11F6BD1F30035EF5A /* tabbar_housing@2x.png */ = {isa = PBXFileReference; lastKnownFileType = image.png; path = "tabbar_housing@2x.png"; sourceTree = "<group>"; };
		53F052F21F6BD1F40035EF5A /* tabbar_housing@3x.png */ = {isa = PBXFileReference; lastKnownFileType = image.png; path = "tabbar_housing@3x.png"; sourceTree = "<group>"; };
		53F052F71F6BDD980035EF5A /* HousMarketListTableViewCell.swift */ = {isa = PBXFileReference; lastKnownFileType = sourcecode.swift; path = HousMarketListTableViewCell.swift; sourceTree = "<group>"; };
		9A03C1CF6B798BED0E72F7DD /* Pods-MortgageCalculator-Swift.debug.xcconfig */ = {isa = PBXFileReference; includeInIndex = 1; lastKnownFileType = text.xcconfig; name = "Pods-MortgageCalculator-Swift.debug.xcconfig"; path = "Pods/Target Support Files/Pods-MortgageCalculator-Swift/Pods-MortgageCalculator-Swift.debug.xcconfig"; sourceTree = "<group>"; };
/* End PBXFileReference section */

/* Begin PBXFrameworksBuildPhase section */
		53A4EF211F2ED46B00EF58EB /* Frameworks */ = {
			isa = PBXFrameworksBuildPhase;
			buildActionMask = 2147483647;
			files = (
				53578F761F668DA5005B1E4D /* WechatConnector.framework in Frameworks */,
				53578F7B1F668DA5005B1E4D /* TencentOpenAPI.framework in Frameworks */,
				5365B7FD1F5F949C001FFEA5 /* Photos.framework in Frameworks */,
				53578F7D1F668DA5005B1E4D /* libWeiboSDK.a in Frameworks */,
				53578F6A1F668DA5005B1E4D /* ShareSDKConfigFile.framework in Frameworks */,
				5365B7FB1F5F9490001FFEA5 /* AssetsLibrary.framework in Frameworks */,
				53578F6E1F668DA5005B1E4D /* CopyConnector.framework in Frameworks */,
				53578F821F668DA5005B1E4D /* ShareSDKConnector.framework in Frameworks */,
				53578F741F668DA5005B1E4D /* SinaWeiboConnector.framework in Frameworks */,
				5365B7F91F5F946F001FFEA5 /* libsqlite3.tbd in Frameworks */,
				53578F7F1F668DA5005B1E4D /* libWeChatSDK.a in Frameworks */,
				5365B7F71F5F9463001FFEA5 /* ImageIO.framework in Frameworks */,
				53578F831F668DA5005B1E4D /* MOBFoundation.framework in Frameworks */,
				53578F6B1F668DA5005B1E4D /* ShareSDKExtension.framework in Frameworks */,
				53578F731F668DA5005B1E4D /* QQConnector.framework in Frameworks */,
				5365B7F51F5F9459001FFEA5 /* JavaScriptCore.framework in Frameworks */,
				5365B7F31F5F944F001FFEA5 /* libstdc++.tbd in Frameworks */,
				5365B7F11F5F9445001FFEA5 /* libz.tbd in Frameworks */,
				53578F6D1F668DA5005B1E4D /* ShareSDKUI.framework in Frameworks */,
				5365B7EF1F5F943A001FFEA5 /* libicucore.tbd in Frameworks */,
				53578F681F668DA5005B1E4D /* ShareSDK.framework in Frameworks */,
				26E14845761BB25F8E7D19F7 /* Pods_MortgageCalculator_Swift.framework in Frameworks */,
			);
			runOnlyForDeploymentPostprocessing = 0;
		};
/* End PBXFrameworksBuildPhase section */

/* Begin PBXGroup section */
		3E844AEEC0A1A7D69A0156D6 /* Pods */ = {
			isa = PBXGroup;
			children = (
				9A03C1CF6B798BED0E72F7DD /* Pods-MortgageCalculator-Swift.debug.xcconfig */,
				42DEC60004CE9954417B897E /* Pods-MortgageCalculator-Swift.release.xcconfig */,
			);
			name = Pods;
			sourceTree = "<group>";
		};
		5321DE3B1F31C3AB00184F9D /* Font */ = {
			isa = PBXGroup;
			children = (
				5321DE3C1F31C3AB00184F9D /* NotoSansHans-DemiLight.otf */,
				5321DE3D1F31C3AB00184F9D /* NotoSansHans-Light.otf */,
			);
			path = Font;
			sourceTree = "<group>";
		};
		5332A9801F4AB1E2001465E4 /* Calculator */ = {
			isa = PBXGroup;
			children = (
				53A4EF871F2F353100EF58EB /* RootViewController.swift */,
				53D777051F306CEC0074B52C /* CommercialLoansTableViewController.swift */,
				530DDB841F4287EA0012A740 /* AccumulationFundTableViewController.swift */,
				53D7771A1F308A600074B52C /* CombinationLoabsTableViewController.swift */,
				5383304A1F3C6469004AAB2B /* LoanDetailsTableViewController.swift */,
				537F926A1F43CD2C00ABAFC8 /* CombinationDetailsTableViewController.swift */,
			);
			name = Calculator;
			sourceTree = "<group>";
		};
		5332A9811F4AB1F3001465E4 /* Remind */ = {
			isa = PBXGroup;
			children = (
				5332A98B1F4AB9BD001465E4 /* RemindTableViewController.swift */,
				5332A9831F4AB27D001465E4 /* RemindEditorViewController.swift */,
				5332A9851F4AB768001465E4 /* RemindCommercialViewController.swift */,
				5332A9871F4AB7EE001465E4 /* RemindAccumulationViewController.swift */,
				5332A9891F4AB8D8001465E4 /* RemindCombinationViewController.swift */,
			);
			name = Remind;
			sourceTree = "<group>";
		};
		5332A9821F4AB220001465E4 /* More */ = {
			isa = PBXGroup;
			children = (
				53A4EF861F2F353100EF58EB /* MoreViewController.swift */,
				53351B8B1F669C0200717C26 /* FriendshipRecommenViewController.swift */,
			);
			name = More;
			sourceTree = "<group>";
		};
		534FB7191F39BB32006E3144 /* Model */ = {
			isa = PBXGroup;
			children = (
				531152AD1F70B97E00E2B70E /* Id.swift */,
				531152AE1F70B97F00E2B70E /* Idlist.swift */,
				531152AF1F70B97F00E2B70E /* Newslist.swift */,
				531152B31F70B98400E2B70E /* RootClass.swift */,
				534FB71A1F39BB73006E3144 /* LoanModel.swift */,
				5332A98D1F4ACE40001465E4 /* LoanCacheManage.swift */,
				53CF32F41F6FC41100881801 /* HousingMarketApi.swift */,
				531152A11F6FC8B600E2B70E /* HousingMarketManager.swift */,
				531152A31F6FCC4500E2B70E /* HousingMarketModel.swift */,
			);
			path = Model;
			sourceTree = "<group>";
		};
		53578F391F668DA4005B1E4D /* ShareSDK */ = {
			isa = PBXGroup;
			children = (
				53578F3A1F668DA4005B1E4D /* ShareSDK.framework */,
				53578F3B1F668DA4005B1E4D /* Support */,
			);
			name = ShareSDK;
			path = SDK/ShareSDK;
			sourceTree = "<group>";
		};
		53578F3B1F668DA4005B1E4D /* Support */ = {
			isa = PBXGroup;
			children = (
				53578F3C1F668DA4005B1E4D /* Optional */,
				53578F421F668DA4005B1E4D /* PlatformConnector */,
				53578F4C1F668DA4005B1E4D /* PlatformSDK */,
				53578F631F668DA4005B1E4D /* Required */,
			);
			path = Support;
			sourceTree = "<group>";
		};
		53578F3C1F668DA4005B1E4D /* Optional */ = {
			isa = PBXGroup;
			children = (
				53578F3D1F668DA4005B1E4D /* ShareSDKConfigFile.bundle */,
				53578F3E1F668DA4005B1E4D /* ShareSDKConfigFile.framework */,
				53578F3F1F668DA4005B1E4D /* ShareSDKExtension.framework */,
				53578F401F668DA4005B1E4D /* ShareSDKUI.bundle */,
				53578F411F668DA4005B1E4D /* ShareSDKUI.framework */,
			);
			path = Optional;
			sourceTree = "<group>";
		};
		53578F421F668DA4005B1E4D /* PlatformConnector */ = {
			isa = PBXGroup;
			children = (
				53578F431F668DA4005B1E4D /* CopyConnector.framework */,
				53578F481F668DA4005B1E4D /* QQConnector.framework */,
				53578F491F668DA4005B1E4D /* SinaWeiboConnector.framework */,
				53578F4B1F668DA4005B1E4D /* WechatConnector.framework */,
			);
			path = PlatformConnector;
			sourceTree = "<group>";
		};
		53578F4C1F668DA4005B1E4D /* PlatformSDK */ = {
			isa = PBXGroup;
			children = (
				53578F531F668DA4005B1E4D /* QQSDK */,
				53578F561F668DA4005B1E4D /* SinaWeiboSDK */,
				53578F5D1F668DA4005B1E4D /* WeChatSDK */,
			);
			path = PlatformSDK;
			sourceTree = "<group>";
		};
		53578F531F668DA4005B1E4D /* QQSDK */ = {
			isa = PBXGroup;
			children = (
				53578F541F668DA4005B1E4D /* TencentOpenAPI.framework */,
				53578F551F668DA4005B1E4D /* TencentOpenApi_IOS_Bundle.bundle */,
			);
			path = QQSDK;
			sourceTree = "<group>";
		};
		53578F561F668DA4005B1E4D /* SinaWeiboSDK */ = {
			isa = PBXGroup;
			children = (
				53578F571F668DA4005B1E4D /* libWeiboSDK.a */,
				53578F581F668DA4005B1E4D /* WBHttpRequest+WeiboToken.h */,
				53578F591F668DA4005B1E4D /* WBHttpRequest.h */,
				53578F5A1F668DA4005B1E4D /* WeiboSDK+Statistics.h */,
				53578F5B1F668DA4005B1E4D /* WeiboSDK.bundle */,
				53578F5C1F668DA4005B1E4D /* WeiboSDK.h */,
			);
			path = SinaWeiboSDK;
			sourceTree = "<group>";
		};
		53578F5D1F668DA4005B1E4D /* WeChatSDK */ = {
			isa = PBXGroup;
			children = (
				53578F5E1F668DA4005B1E4D /* libWeChatSDK.a */,
				53578F5F1F668DA4005B1E4D /* README.txt */,
				53578F601F668DA4005B1E4D /* WechatAuthSDK.h */,
				53578F611F668DA4005B1E4D /* WXApi.h */,
				53578F621F668DA4005B1E4D /* WXApiObject.h */,
			);
			path = WeChatSDK;
			sourceTree = "<group>";
		};
		53578F631F668DA4005B1E4D /* Required */ = {
			isa = PBXGroup;
			children = (
				53578F641F668DA4005B1E4D /* ShareSDK.bundle */,
				53578F651F668DA4005B1E4D /* ShareSDKConnector.framework */,
			);
			path = Required;
			sourceTree = "<group>";
		};
		53578F661F668DA4005B1E4D /* Required */ = {
			isa = PBXGroup;
			children = (
				53578F671F668DA4005B1E4D /* MOBFoundation.framework */,
			);
			name = Required;
			path = SDK/Required;
			sourceTree = "<group>";
		};
		5365B8AC1F5FCF55001FFEA5 /* SDK */ = {
			isa = PBXGroup;
			children = (
				53578F661F668DA4005B1E4D /* Required */,
				53578F391F668DA4005B1E4D /* ShareSDK */,
			);
			name = SDK;
			sourceTree = "<group>";
		};
		5367FD891F6A6AE900449B5B /* JZNumberKeyboard */ = {
			isa = PBXGroup;
			children = (
				5367FD8B1F6A6AE900449B5B /* JZNumberKeyboard.h */,
				5367FD8C1F6A6AE900449B5B /* JZNumberKeyboard.m */,
				5367FD901F6A6C6A00449B5B /* delete@2x.png */,
				5367FD8F1F6A6C6900449B5B /* delete@3x.png */,
				5367FD921F6A6C6A00449B5B /* resign@2x.png */,
				5367FD911F6A6C6A00449B5B /* resign@3x.png */,
			);
			path = JZNumberKeyboard;
			sourceTree = "<group>";
		};
		53A4EF1B1F2ED46B00EF58EB = {
			isa = PBXGroup;
			children = (
				53A4EF261F2ED46B00EF58EB /* MortgageCalculator-Swift */,
				53A4EF251F2ED46B00EF58EB /* Products */,
				3E844AEEC0A1A7D69A0156D6 /* Pods */,
				820F151D5DAEB95076796356 /* Frameworks */,
			);
			sourceTree = "<group>";
		};
		53A4EF251F2ED46B00EF58EB /* Products */ = {
			isa = PBXGroup;
			children = (
				53A4EF241F2ED46B00EF58EB /* MortgageCalculator-Swift.app */,
			);
			name = Products;
			sourceTree = "<group>";
		};
		53A4EF261F2ED46B00EF58EB /* MortgageCalculator-Swift */ = {
			isa = PBXGroup;
			children = (
				5365B7FF1F5F9569001FFEA5 /* MortgageCalculator-Swift-Bridging-Header.h */,
				534C9C391F5D134800511672 /* MortgageCalculator-Swift.entitlements */,
				53A4EF271F2ED46B00EF58EB /* AppDelegate.swift */,
				53A4EF2B1F2ED46B00EF58EB /* Main.storyboard */,
				53A4EF2E1F2ED46B00EF58EB /* Assets.xcassets */,
				53A4EF331F2ED46B00EF58EB /* Info.plist */,
				53A4EF851F2F350C00EF58EB /* View */,
				53A4EF841F2F350C00EF58EB /* Controller */,
				534FB7191F39BB32006E3144 /* Model */,
				53D777071F307EE60074B52C /* Libs */,
				53A4EF6A1F2F075500EF58EB /* Resources */,
			);
			path = "MortgageCalculator-Swift";
			sourceTree = "<group>";
		};
		53A4EF6A1F2F075500EF58EB /* Resources */ = {
			isa = PBXGroup;
			children = (
				53D3BD531FB1463B00D6CB87 /* wangzhi.png */,
				5375E0701F9849BD00964123 /* tupian.png */,
				5375E0741F984AFF00964123 /* sina.png */,
				5375E06E1F9849A900964123 /* video.png */,
				5375E06C1F98498D00964123 /* qiche.png */,
				5375E0681F97226700964123 /* longdailogo.png */,
				5375E0581F97174800964123 /* baiDu.png */,
				5375E05F1F97174900964123 /* chouTi.png */,
				5375E05A1F97174800964123 /* jingDong.png */,
				5375E05C1F97174900964123 /* meiTuan.png */,
				5375E06A1F9734E700964123 /* taoBao.png */,
				5375E05B1F97174800964123 /* taoBao2.png */,
				5375E0591F97174800964123 /* tengXunNew.png */,
				5375E05D1F97174900964123 /* wuMi.png */,
				53F052EF1F6BD1F30035EF5A /* tabbar_housing_selected@2x.png */,
				53F052F01F6BD1F30035EF5A /* tabbar_housing_selected@3x.png */,
				53F052F11F6BD1F30035EF5A /* tabbar_housing@2x.png */,
				53F052F21F6BD1F40035EF5A /* tabbar_housing@3x.png */,
				5367FD851F6A382C00449B5B /* lanyamao.png */,
				539807411F67E0A6004127CA /* v2ex.png */,
				53351B9D1F66B3EE00717C26 /* onePai.png */,
				5398073F1F67DEC1004127CA /* tianqi.png */,
				53351B951F66ACC600717C26 /* longdai.png */,
				53351B911F66A79500717C26 /* fangdai.png */,
				5303383A1F591E3B00848A6E /* bianji@2x.png */,
				530338391F591E3B00848A6E /* bianji@3x.png */,
				530338361F591DE700848A6E /* selectbianji@2x.png */,
				530338351F591DE600848A6E /* selectbianji@3x.png */,
				539795271F3327D5009AFED4 /* Icon-60@2x.png */,
				539795281F3327D5009AFED4 /* Icon-60@3x.png */,
				5342E9871F33261300AC3059 /* about_criticism.png */,
				5342E9881F33261300AC3059 /* about_praise.png */,
				5342E9831F33258900AC3059 /* arrow_right@2x.png */,
				5342E9841F33258900AC3059 /* arrow_right@3x.png */,
				53A4EF6B1F2F075500EF58EB /* icon_tabbar_onsite@2x.png */,
				53A4EF6C1F2F075500EF58EB /* icon_tabbar_onsite_selected@2x.png */,
				5321DE4A1F31E2A900184F9D /* tabbar_profile@2x.png */,
				5321DE4B1F31E2A900184F9D /* tabbar_profile@3x.png */,
				5321DE481F31E2A900184F9D /* tabbar_profile_selected@2x.png */,
				5321DE491F31E2A900184F9D /* tabbar_profile_selected@3x.png */,
				53A4EF6D1F2F075500EF58EB /* tabbar_home@2x.png */,
				53A4EF6E1F2F075500EF58EB /* tabbar_home@3x.png */,
				53A4EF6F1F2F075500EF58EB /* tabbar_home_selected@2x.png */,
				53A4EF701F2F075500EF58EB /* tabbar_home_selected@3x.png */,
			);
			path = Resources;
			sourceTree = "<group>";
		};
		53A4EF841F2F350C00EF58EB /* Controller */ = {
			isa = PBXGroup;
			children = (
				5332A9801F4AB1E2001465E4 /* Calculator */,
				53F052EC1F6BC58B0035EF5A /* HousingMarket */,
				5332A9811F4AB1F3001465E4 /* Remind */,
				5332A9821F4AB220001465E4 /* More */,
			);
			path = Controller;
			sourceTree = "<group>";
		};
		53A4EF851F2F350C00EF58EB /* View */ = {
			isa = PBXGroup;
			children = (
				53D776FF1F30591A0074B52C /* BaseTableViewCell.swift */,
				53D777161F30869E0074B52C /* LoansTypeTableViewCell.swift */,
				5321DE441F31D05C00184F9D /* BottonTableViewCell.swift */,
				5342E9811F3323E000AC3059 /* titleTableViewCell.swift */,
				538330481F3C644B004AAB2B /* LoanDetailsTableViewCell.swift */,
				5342E98B1F33270F00AC3059 /* MoreTableViewCell.swift */,
				5332A97A1F4A8C30001465E4 /* RemindTableViewCell.swift */,
				53351B8D1F669D1B00717C26 /* FriendshipTableViewCell.swift */,
				53F052F71F6BDD980035EF5A /* HousMarketListTableViewCell.swift */,
				5375E0561F96EFAC00964123 /* lifeHeadView.swift */,
			);
			path = View;
			sourceTree = "<group>";
		};
		53D777071F307EE60074B52C /* Libs */ = {
			isa = PBXGroup;
			children = (
				5367FD891F6A6AE900449B5B /* JZNumberKeyboard */,
				5365B8AC1F5FCF55001FFEA5 /* SDK */,
				5321DE3B1F31C3AB00184F9D /* Font */,
				53D777081F307EE60074B52C /* Extension */,
				53D7770A1F307EE60074B52C /* UITableView+FINAutomaticHeightCell */,
				5321DE391F31BDF200184F9D /* XZClient.swift */,
				53D7770D1F307EE60074B52C /* XZSetting.swift */,
				53D7770E1F307EE60074B52C /* XZSwiftColor.swift */,
				53D7770F1F307EE60074B52C /* XZSwiftNavigationController.swift */,
				537F92681F43073300ABAFC8 /* XZSwiftNumberKeyboard.swift */,
				53F052EA1F6BC5050035EF5A /* Observable+Extension.swift */,
				53CF32F61F6FC53D00881801 /* ChouTiTargetType.swift */,
				531C8CAB1F74B54F00BC7B5E /* ZJRefreshControl.swift */,
			);
			path = Libs;
			sourceTree = "<group>";
		};
		53D777081F307EE60074B52C /* Extension */ = {
			isa = PBXGroup;
			children = (
				53D777091F307EE60074B52C /* UITableView+Extension.swift */,
			);
			path = Extension;
			sourceTree = "<group>";
		};
		53D7770A1F307EE60074B52C /* UITableView+FINAutomaticHeightCell */ = {
			isa = PBXGroup;
			children = (
				53D7770B1F307EE60074B52C /* UITableView+FINAutomaticHeightCell.swift */,
			);
			path = "UITableView+FINAutomaticHeightCell";
			sourceTree = "<group>";
		};
		53F052EC1F6BC58B0035EF5A /* HousingMarket */ = {
			isa = PBXGroup;
			children = (
				53F052ED1F6BC5C10035EF5A /* HousingMarketListViewController.swift */,
				531C8CA91F73995D00BC7B5E /* UIWebViewController.swift */,
			);
			name = HousingMarket;
			sourceTree = "<group>";
		};
		820F151D5DAEB95076796356 /* Frameworks */ = {
			isa = PBXGroup;
			children = (
				531152C21F71134900E2B70E /* Pods_MortgageCalculator_Swift.framework */,
				5365B7FC1F5F949C001FFEA5 /* Photos.framework */,
				5365B7FA1F5F9490001FFEA5 /* AssetsLibrary.framework */,
				5365B7F81F5F946F001FFEA5 /* libsqlite3.tbd */,
				5365B7F61F5F9463001FFEA5 /* ImageIO.framework */,
				5365B7F41F5F9459001FFEA5 /* JavaScriptCore.framework */,
				5365B7F21F5F944F001FFEA5 /* libstdc++.tbd */,
				5365B7F01F5F9444001FFEA5 /* libz.tbd */,
				5365B7EE1F5F943A001FFEA5 /* libicucore.tbd */,
				27C9C1988F24C78114E1FC27 /* Pods_MortgageCalculator_Swift.framework */,
			);
			name = Frameworks;
			sourceTree = "<group>";
		};
/* End PBXGroup section */

/* Begin PBXNativeTarget section */
		53A4EF231F2ED46B00EF58EB /* MortgageCalculator-Swift */ = {
			isa = PBXNativeTarget;
			buildConfigurationList = 53A4EF361F2ED46B00EF58EB /* Build configuration list for PBXNativeTarget "MortgageCalculator-Swift" */;
			buildPhases = (
				A992B7AE5FD15890745D33E6 /* [CP] Check Pods Manifest.lock */,
				53A4EF201F2ED46B00EF58EB /* Sources */,
				53A4EF211F2ED46B00EF58EB /* Frameworks */,
				53A4EF221F2ED46B00EF58EB /* Resources */,
				E8C602C13CE6289C683505DA /* [CP] Embed Pods Frameworks */,
				53E45E5B1F690C05009DE104 /* ShellScript */,
			);
			buildRules = (
			);
			dependencies = (
			);
			name = "MortgageCalculator-Swift";
			productName = "MortgageCalculator-Swift";
			productReference = 53A4EF241F2ED46B00EF58EB /* MortgageCalculator-Swift.app */;
			productType = "com.apple.product-type.application";
		};
/* End PBXNativeTarget section */

/* Begin PBXProject section */
		53A4EF1C1F2ED46B00EF58EB /* Project object */ = {
			isa = PBXProject;
			attributes = {
				LastSwiftUpdateCheck = 0830;
				LastUpgradeCheck = 0900;
				ORGANIZATIONNAME = com.longdai;
				TargetAttributes = {
					53A4EF231F2ED46B00EF58EB = {
						CreatedOnToolsVersion = 8.3.2;
						DevelopmentTeam = 6JC78V6G2N;
						ProvisioningStyle = Automatic;
						SystemCapabilities = {
							com.apple.Push = {
								enabled = 1;
							};
							com.apple.Siri = {
								enabled = 1;
							};
						};
					};
				};
			};
			buildConfigurationList = 53A4EF1F1F2ED46B00EF58EB /* Build configuration list for PBXProject "MortgageCalculator-Swift" */;
			compatibilityVersion = "Xcode 3.2";
			developmentRegion = English;
			hasScannedForEncodings = 0;
			knownRegions = (
				English,
				en,
				Base,
			);
			mainGroup = 53A4EF1B1F2ED46B00EF58EB;
			productRefGroup = 53A4EF251F2ED46B00EF58EB /* Products */;
			projectDirPath = "";
			projectRoot = "";
			targets = (
				53A4EF231F2ED46B00EF58EB /* MortgageCalculator-Swift */,
			);
		};
/* End PBXProject section */

/* Begin PBXResourcesBuildPhase section */
		53A4EF221F2ED46B00EF58EB /* Resources */ = {
			isa = PBXResourcesBuildPhase;
			buildActionMask = 2147483647;
			files = (
				5375E0601F97177E00964123 /* baiDu.png in Resources */,
				5375E0611F97178400964123 /* chouTi.png in Resources */,
				5367FD951F6A6C8100449B5B /* resign@2x.png in Resources */,
				530338371F591DE700848A6E /* selectbianji@3x.png in Resources */,
				5321DE4D1F31E2A900184F9D /* tabbar_profile_selected@3x.png in Resources */,
				5375E06B1F9734E900964123 /* taoBao.png in Resources */,
				5342E98A1F33261300AC3059 /* about_praise.png in Resources */,
				5342E9861F33258900AC3059 /* arrow_right@3x.png in Resources */,
				5342E9891F33261300AC3059 /* about_criticism.png in Resources */,
				53A4EF731F2F075500EF58EB /* tabbar_home@2x.png in Resources */,
				539807421F67E0A8004127CA /* v2ex.png in Resources */,
				5321DE411F31C3AB00184F9D /* NotoSansHans-Light.otf in Resources */,
				5375E06D1F98499000964123 /* qiche.png in Resources */,
				5321DE401F31C3AB00184F9D /* NotoSansHans-DemiLight.otf in Resources */,
				53578F691F668DA5005B1E4D /* ShareSDKConfigFile.bundle in Resources */,
				5375E0731F9849C500964123 /* video.png in Resources */,
				53A4EF761F2F075500EF58EB /* tabbar_home_selected@3x.png in Resources */,
				5321DE4E1F31E2A900184F9D /* tabbar_profile@2x.png in Resources */,
				53578F7E1F668DA5005B1E4D /* WeiboSDK.bundle in Resources */,
				5375E0661F97178F00964123 /* tengXunNew.png in Resources */,
				5367FD861F6A382E00449B5B /* lanyamao.png in Resources */,
				5375E0631F97178800964123 /* meiTuan.png in Resources */,
				53578F801F668DA5005B1E4D /* README.txt in Resources */,
				53F052F51F6BD23B0035EF5A /* tabbar_housing@2x.png in Resources */,
				5367FD931F6A6C7D00449B5B /* delete@2x.png in Resources */,
				5303383B1F591E3B00848A6E /* bianji@3x.png in Resources */,
				5342E9851F33258900AC3059 /* arrow_right@2x.png in Resources */,
				539795291F3327D5009AFED4 /* Icon-60@2x.png in Resources */,
				53578F811F668DA5005B1E4D /* ShareSDK.bundle in Resources */,
				53A4EF721F2F075500EF58EB /* icon_tabbar_onsite_selected@2x.png in Resources */,
				53A4EF741F2F075500EF58EB /* tabbar_home@3x.png in Resources */,
				5375E0671F97179200964123 /* wuMi.png in Resources */,
				53351B921F66A79700717C26 /* fangdai.png in Resources */,
				5303383C1F591E3B00848A6E /* bianji@2x.png in Resources */,
				53A4EF751F2F075500EF58EB /* tabbar_home_selected@2x.png in Resources */,
				53F052F61F6BD23E0035EF5A /* tabbar_housing@3x.png in Resources */,
				53F052F31F6BD2370035EF5A /* tabbar_housing_selected@2x.png in Resources */,
				5321DE4C1F31E2A900184F9D /* tabbar_profile_selected@2x.png in Resources */,
				53D3BD541FB1463B00D6CB87 /* wangzhi.png in Resources */,
				5375E0711F9849C100964123 /* tupian.png in Resources */,
				5375E0651F97178D00964123 /* taoBao2.png in Resources */,
				539807401F67DEC3004127CA /* tianqi.png in Resources */,
				530338381F591DE700848A6E /* selectbianji@2x.png in Resources */,
				5367FD941F6A6C7F00449B5B /* delete@3x.png in Resources */,
				53A4EF2F1F2ED46B00EF58EB /* Assets.xcassets in Resources */,
				53A4EF2D1F2ED46B00EF58EB /* Main.storyboard in Resources */,
				53351B9E1F66B3F000717C26 /* onePai.png in Resources */,
				5397952A1F3327D5009AFED4 /* Icon-60@3x.png in Resources */,
				53A4EF711F2F075500EF58EB /* icon_tabbar_onsite@2x.png in Resources */,
				53F052F41F6BD2390035EF5A /* tabbar_housing_selected@3x.png in Resources */,
				5375E0751F984B0100964123 /* sina.png in Resources */,
				5367FD961F6A6C8400449B5B /* resign@3x.png in Resources */,
				53351B961F66ACC800717C26 /* longdai.png in Resources */,
				5375E0621F97178600964123 /* jingDong.png in Resources */,
				53578F7C1F668DA5005B1E4D /* TencentOpenApi_IOS_Bundle.bundle in Resources */,
				53578F6C1F668DA5005B1E4D /* ShareSDKUI.bundle in Resources */,
				5321DE4F1F31E2A900184F9D /* tabbar_profile@3x.png in Resources */,
			);
			runOnlyForDeploymentPostprocessing = 0;
		};
/* End PBXResourcesBuildPhase section */

/* Begin PBXShellScriptBuildPhase section */
		53E45E5B1F690C05009DE104 /* ShellScript */ = {
			isa = PBXShellScriptBuildPhase;
			buildActionMask = 2147483647;
			files = (
			);
			inputPaths = (
			);
			outputPaths = (
			);
			runOnlyForDeploymentPostprocessing = 0;
			shellPath = /bin/sh;
			shellScript = "\"${PODS_ROOT}/Fabric/run\" e5a51bcb1d2c3bfc5e7b43c7a3a9cd6cffe7f0b8 eb38756f0e57b9048d3c1e112eb0d53f92817a9149c333ab5b6f3c59ff6bc9d7\n";
		};
		A992B7AE5FD15890745D33E6 /* [CP] Check Pods Manifest.lock */ = {
			isa = PBXShellScriptBuildPhase;
			buildActionMask = 2147483647;
			files = (
			);
			inputPaths = (
				"${PODS_PODFILE_DIR_PATH}/Podfile.lock",
				"${PODS_ROOT}/Manifest.lock",
			);
			name = "[CP] Check Pods Manifest.lock";
			outputPaths = (
				"$(DERIVED_FILE_DIR)/Pods-MortgageCalculator-Swift-checkManifestLockResult.txt",
			);
			runOnlyForDeploymentPostprocessing = 0;
			shellPath = /bin/sh;
			shellScript = "diff \"${PODS_PODFILE_DIR_PATH}/Podfile.lock\" \"${PODS_ROOT}/Manifest.lock\" > /dev/null\nif [ $? != 0 ] ; then\n    # print error to STDERR\n    echo \"error: The sandbox is not in sync with the Podfile.lock. Run 'pod install' or update your CocoaPods installation.\" >&2\n    exit 1\nfi\n# This output is used by Xcode 'outputs' to avoid re-running this script phase.\necho \"SUCCESS\" > \"${SCRIPT_OUTPUT_FILE_0}\"\n";
			showEnvVarsInLog = 0;
		};
		E8C602C13CE6289C683505DA /* [CP] Embed Pods Frameworks */ = {
			isa = PBXShellScriptBuildPhase;
			buildActionMask = 2147483647;
			files = (
			);
			inputPaths = (
				"${SRCROOT}/Pods/Target Support Files/Pods-MortgageCalculator-Swift/Pods-MortgageCalculator-Swift-frameworks.sh",
				"${BUILT_PRODUCTS_DIR}/Alamofire/Alamofire.framework",
				"${BUILT_PRODUCTS_DIR}/Moya/Moya.framework",
				"${BUILT_PRODUCTS_DIR}/ObjectMapper/ObjectMapper.framework",
				"${BUILT_PRODUCTS_DIR}/PINCache/PINCache.framework",
				"${BUILT_PRODUCTS_DIR}/PINOperation/PINOperation.framework",
				"${BUILT_PRODUCTS_DIR}/PINRemoteImage/PINRemoteImage.framework",
				"${BUILT_PRODUCTS_DIR}/Result/Result.framework",
				"${BUILT_PRODUCTS_DIR}/RxSwift/RxSwift.framework",
				"${BUILT_PRODUCTS_DIR}/SnapKit/SnapKit.framework",
				"${BUILT_PRODUCTS_DIR}/SwiftyJSON/SwiftyJSON.framework",
				"${BUILT_PRODUCTS_DIR}/TMCache/TMCache.framework",
				"${BUILT_PRODUCTS_DIR}/Texture/AsyncDisplayKit.framework",
			);
			name = "[CP] Embed Pods Frameworks";
			outputPaths = (
				"${TARGET_BUILD_DIR}/${FRAMEWORKS_FOLDER_PATH}/Alamofire.framework",
				"${TARGET_BUILD_DIR}/${FRAMEWORKS_FOLDER_PATH}/Moya.framework",
				"${TARGET_BUILD_DIR}/${FRAMEWORKS_FOLDER_PATH}/ObjectMapper.framework",
				"${TARGET_BUILD_DIR}/${FRAMEWORKS_FOLDER_PATH}/PINCache.framework",
				"${TARGET_BUILD_DIR}/${FRAMEWORKS_FOLDER_PATH}/PINOperation.framework",
				"${TARGET_BUILD_DIR}/${FRAMEWORKS_FOLDER_PATH}/PINRemoteImage.framework",
				"${TARGET_BUILD_DIR}/${FRAMEWORKS_FOLDER_PATH}/Result.framework",
				"${TARGET_BUILD_DIR}/${FRAMEWORKS_FOLDER_PATH}/RxSwift.framework",
				"${TARGET_BUILD_DIR}/${FRAMEWORKS_FOLDER_PATH}/SnapKit.framework",
				"${TARGET_BUILD_DIR}/${FRAMEWORKS_FOLDER_PATH}/SwiftyJSON.framework",
				"${TARGET_BUILD_DIR}/${FRAMEWORKS_FOLDER_PATH}/TMCache.framework",
				"${TARGET_BUILD_DIR}/${FRAMEWORKS_FOLDER_PATH}/AsyncDisplayKit.framework",
			);
			runOnlyForDeploymentPostprocessing = 0;
			shellPath = /bin/sh;
			shellScript = "\"${SRCROOT}/Pods/Target Support Files/Pods-MortgageCalculator-Swift/Pods-MortgageCalculator-Swift-frameworks.sh\"\n";
			showEnvVarsInLog = 0;
		};
/* End PBXShellScriptBuildPhase section */

/* Begin PBXSourcesBuildPhase section */
		53A4EF201F2ED46B00EF58EB /* Sources */ = {
			isa = PBXSourcesBuildPhase;
			buildActionMask = 2147483647;
			files = (
				5375E0571F96EFAC00964123 /* lifeHeadView.swift in Sources */,
				5367FD8E1F6A6C1900449B5B /* JZNumberKeyboard.m in Sources */,
				53D777001F30591A0074B52C /* BaseTableViewCell.swift in Sources */,
				537F926B1F43CD2C00ABAFC8 /* CombinationDetailsTableViewController.swift in Sources */,
				5332A9861F4AB768001465E4 /* RemindCommercialViewController.swift in Sources */,
				531152B11F70B97F00E2B70E /* Idlist.swift in Sources */,
				530DDB851F4287EA0012A740 /* AccumulationFundTableViewController.swift in Sources */,
				5332A98A1F4AB8D8001465E4 /* RemindCombinationViewController.swift in Sources */,
				53CF32F51F6FC41100881801 /* HousingMarketApi.swift in Sources */,
				53F052EB1F6BC5050035EF5A /* Observable+Extension.swift in Sources */,
				531152B41F70B98400E2B70E /* RootClass.swift in Sources */,
				531152B01F70B97F00E2B70E /* Id.swift in Sources */,
				5332A9881F4AB7EE001465E4 /* RemindAccumulationViewController.swift in Sources */,
				531152A21F6FC8B600E2B70E /* HousingMarketManager.swift in Sources */,
				53D7771B1F308A600074B52C /* CombinationLoabsTableViewController.swift in Sources */,
				538330491F3C644B004AAB2B /* LoanDetailsTableViewCell.swift in Sources */,
				5332A98E1F4ACE40001465E4 /* LoanCacheManage.swift in Sources */,
				5332A97B1F4A8C30001465E4 /* RemindTableViewCell.swift in Sources */,
				531152A41F6FCC4500E2B70E /* HousingMarketModel.swift in Sources */,
				53351B8C1F669C0200717C26 /* FriendshipRecommenViewController.swift in Sources */,
				5342E98C1F33270F00AC3059 /* MoreTableViewCell.swift in Sources */,
				53D777171F30869E0074B52C /* LoansTypeTableViewCell.swift in Sources */,
				5332A9841F4AB27D001465E4 /* RemindEditorViewController.swift in Sources */,
				531C8CAC1F74B55000BC7B5E /* ZJRefreshControl.swift in Sources */,
				53D777111F307EE60074B52C /* UITableView+FINAutomaticHeightCell.swift in Sources */,
				53D777131F307EE60074B52C /* XZSetting.swift in Sources */,
				53D777141F307EE60074B52C /* XZSwiftColor.swift in Sources */,
				53D777061F306CEC0074B52C /* CommercialLoansTableViewController.swift in Sources */,
				5342E9821F3323E000AC3059 /* titleTableViewCell.swift in Sources */,
				5321DE451F31D05C00184F9D /* BottonTableViewCell.swift in Sources */,
				53A4EF281F2ED46B00EF58EB /* AppDelegate.swift in Sources */,
				531C8CAA1F73995D00BC7B5E /* UIWebViewController.swift in Sources */,
				53D777151F307EE60074B52C /* XZSwiftNavigationController.swift in Sources */,
				5332A98C1F4AB9BD001465E4 /* RemindTableViewController.swift in Sources */,
				53A4EF881F2F353100EF58EB /* MoreViewController.swift in Sources */,
				53A4EF891F2F353100EF58EB /* RootViewController.swift in Sources */,
				537F92691F43073300ABAFC8 /* XZSwiftNumberKeyboard.swift in Sources */,
				53F052EE1F6BC5C10035EF5A /* HousingMarketListViewController.swift in Sources */,
				53F052F81F6BDD980035EF5A /* HousMarketListTableViewCell.swift in Sources */,
				53CF32F71F6FC53E00881801 /* ChouTiTargetType.swift in Sources */,
				534FB71B1F39BB73006E3144 /* LoanModel.swift in Sources */,
				53351B8E1F669D1B00717C26 /* FriendshipTableViewCell.swift in Sources */,
				531152B21F70B97F00E2B70E /* Newslist.swift in Sources */,
				5321DE3A1F31BDF200184F9D /* XZClient.swift in Sources */,
				5383304B1F3C6469004AAB2B /* LoanDetailsTableViewController.swift in Sources */,
				53D777101F307EE60074B52C /* UITableView+Extension.swift in Sources */,
			);
			runOnlyForDeploymentPostprocessing = 0;
		};
/* End PBXSourcesBuildPhase section */

/* Begin PBXVariantGroup section */
		53A4EF2B1F2ED46B00EF58EB /* Main.storyboard */ = {
			isa = PBXVariantGroup;
			children = (
				53A4EF2C1F2ED46B00EF58EB /* Base */,
			);
			name = Main.storyboard;
			sourceTree = "<group>";
		};
/* End PBXVariantGroup section */

/* Begin XCBuildConfiguration section */
		53A4EF341F2ED46B00EF58EB /* Debug */ = {
			isa = XCBuildConfiguration;
			buildSettings = {
				ALWAYS_SEARCH_USER_PATHS = NO;
				CLANG_ANALYZER_NONNULL = YES;
				CLANG_ANALYZER_NUMBER_OBJECT_CONVERSION = YES_AGGRESSIVE;
				CLANG_CXX_LANGUAGE_STANDARD = "gnu++0x";
				CLANG_CXX_LIBRARY = "libc++";
				CLANG_ENABLE_MODULES = YES;
				CLANG_ENABLE_OBJC_ARC = YES;
				CLANG_WARN_BLOCK_CAPTURE_AUTORELEASING = YES;
				CLANG_WARN_BOOL_CONVERSION = YES;
				CLANG_WARN_COMMA = YES;
				CLANG_WARN_CONSTANT_CONVERSION = YES;
				CLANG_WARN_DIRECT_OBJC_ISA_USAGE = YES_ERROR;
				CLANG_WARN_DOCUMENTATION_COMMENTS = YES;
				CLANG_WARN_EMPTY_BODY = YES;
				CLANG_WARN_ENUM_CONVERSION = YES;
				CLANG_WARN_INFINITE_RECURSION = YES;
				CLANG_WARN_INT_CONVERSION = YES;
				CLANG_WARN_NON_LITERAL_NULL_CONVERSION = YES;
				CLANG_WARN_OBJC_LITERAL_CONVERSION = YES;
				CLANG_WARN_OBJC_ROOT_CLASS = YES_ERROR;
				CLANG_WARN_RANGE_LOOP_ANALYSIS = YES;
				CLANG_WARN_STRICT_PROTOTYPES = YES;
				CLANG_WARN_SUSPICIOUS_MOVE = YES;
				CLANG_WARN_UNREACHABLE_CODE = YES;
				CLANG_WARN__DUPLICATE_METHOD_MATCH = YES;
				"CODE_SIGN_IDENTITY[sdk=iphoneos*]" = "iPhone Developer";
				COPY_PHASE_STRIP = NO;
				DEBUG_INFORMATION_FORMAT = dwarf;
				ENABLE_STRICT_OBJC_MSGSEND = YES;
				ENABLE_TESTABILITY = YES;
				GCC_C_LANGUAGE_STANDARD = gnu99;
				GCC_DYNAMIC_NO_PIC = NO;
				GCC_NO_COMMON_BLOCKS = YES;
				GCC_OPTIMIZATION_LEVEL = 0;
				GCC_PREPROCESSOR_DEFINITIONS = (
					"DEBUG=1",
					"$(inherited)",
				);
				GCC_WARN_64_TO_32_BIT_CONVERSION = YES;
				GCC_WARN_ABOUT_RETURN_TYPE = YES_ERROR;
				GCC_WARN_UNDECLARED_SELECTOR = YES;
				GCC_WARN_UNINITIALIZED_AUTOS = YES_AGGRESSIVE;
				GCC_WARN_UNUSED_FUNCTION = YES;
				GCC_WARN_UNUSED_VARIABLE = YES;
				IPHONEOS_DEPLOYMENT_TARGET = 10.3;
				MTL_ENABLE_DEBUG_INFO = YES;
				ONLY_ACTIVE_ARCH = YES;
				SDKROOT = iphoneos;
				SWIFT_ACTIVE_COMPILATION_CONDITIONS = DEBUG;
				SWIFT_OPTIMIZATION_LEVEL = "-Onone";
			};
			name = Debug;
		};
		53A4EF351F2ED46B00EF58EB /* Release */ = {
			isa = XCBuildConfiguration;
			buildSettings = {
				ALWAYS_SEARCH_USER_PATHS = NO;
				CLANG_ANALYZER_NONNULL = YES;
				CLANG_ANALYZER_NUMBER_OBJECT_CONVERSION = YES_AGGRESSIVE;
				CLANG_CXX_LANGUAGE_STANDARD = "gnu++0x";
				CLANG_CXX_LIBRARY = "libc++";
				CLANG_ENABLE_MODULES = YES;
				CLANG_ENABLE_OBJC_ARC = YES;
				CLANG_WARN_BLOCK_CAPTURE_AUTORELEASING = YES;
				CLANG_WARN_BOOL_CONVERSION = YES;
				CLANG_WARN_COMMA = YES;
				CLANG_WARN_CONSTANT_CONVERSION = YES;
				CLANG_WARN_DIRECT_OBJC_ISA_USAGE = YES_ERROR;
				CLANG_WARN_DOCUMENTATION_COMMENTS = YES;
				CLANG_WARN_EMPTY_BODY = YES;
				CLANG_WARN_ENUM_CONVERSION = YES;
				CLANG_WARN_INFINITE_RECURSION = YES;
				CLANG_WARN_INT_CONVERSION = YES;
				CLANG_WARN_NON_LITERAL_NULL_CONVERSION = YES;
				CLANG_WARN_OBJC_LITERAL_CONVERSION = YES;
				CLANG_WARN_OBJC_ROOT_CLASS = YES_ERROR;
				CLANG_WARN_RANGE_LOOP_ANALYSIS = YES;
				CLANG_WARN_STRICT_PROTOTYPES = YES;
				CLANG_WARN_SUSPICIOUS_MOVE = YES;
				CLANG_WARN_UNREACHABLE_CODE = YES;
				CLANG_WARN__DUPLICATE_METHOD_MATCH = YES;
				"CODE_SIGN_IDENTITY[sdk=iphoneos*]" = "iPhone Developer";
				COPY_PHASE_STRIP = NO;
				DEBUG_INFORMATION_FORMAT = "dwarf-with-dsym";
				ENABLE_NS_ASSERTIONS = NO;
				ENABLE_STRICT_OBJC_MSGSEND = YES;
				GCC_C_LANGUAGE_STANDARD = gnu99;
				GCC_NO_COMMON_BLOCKS = YES;
				GCC_WARN_64_TO_32_BIT_CONVERSION = YES;
				GCC_WARN_ABOUT_RETURN_TYPE = YES_ERROR;
				GCC_WARN_UNDECLARED_SELECTOR = YES;
				GCC_WARN_UNINITIALIZED_AUTOS = YES_AGGRESSIVE;
				GCC_WARN_UNUSED_FUNCTION = YES;
				GCC_WARN_UNUSED_VARIABLE = YES;
				IPHONEOS_DEPLOYMENT_TARGET = 10.3;
				MTL_ENABLE_DEBUG_INFO = NO;
				SDKROOT = iphoneos;
				SWIFT_OPTIMIZATION_LEVEL = "-Owholemodule";
				VALIDATE_PRODUCT = YES;
			};
			name = Release;
		};
		53A4EF371F2ED46B00EF58EB /* Debug */ = {
			isa = XCBuildConfiguration;
			baseConfigurationReference = 9A03C1CF6B798BED0E72F7DD /* Pods-MortgageCalculator-Swift.debug.xcconfig */;
			buildSettings = {
				ASSETCATALOG_COMPILER_APPICON_NAME = AppIcon;
				ASSETCATALOG_COMPILER_LAUNCHIMAGE_NAME = LaunchImage;
				CODE_SIGN_ENTITLEMENTS = "MortgageCalculator-Swift/MortgageCalculator-Swift.entitlements";
				"CODE_SIGN_IDENTITY[sdk=iphoneos*]" = "iPhone Developer";
				CODE_SIGN_STYLE = Automatic;
				DEVELOPMENT_TEAM = 6JC78V6G2N;
				FRAMEWORK_SEARCH_PATHS = (
					"$(inherited)",
					"$(PROJECT_DIR)/MortgageCalculator-Swift/Libs/SDK/ShareSDK",
					"$(PROJECT_DIR)/MortgageCalculator-Swift/Libs/SDK/Required",
					"$(PROJECT_DIR)/MortgageCalculator-Swift/Libs/SDK/ShareSDK/Support/Optional",
					"$(PROJECT_DIR)/MortgageCalculator-Swift/Libs/SDK/ShareSDK/Support/Required",
					"$(PROJECT_DIR)/MortgageCalculator-Swift/Libs/SDK/ShareSDK/Support/PlatformConnector",
					"$(PROJECT_DIR)/MortgageCalculator-Swift/Libs/SDK/ShareSDK/Support/PlatformSDK/QQSDK",
				);
				GCC_INCREASE_PRECOMPILED_HEADER_SHARING = NO;
				GCC_PRECOMPILE_PREFIX_HEADER = YES;
				GCC_PREFIX_HEADER = "";
				INFOPLIST_FILE = "MortgageCalculator-Swift/Info.plist";
				IPHONEOS_DEPLOYMENT_TARGET = 8.0;
				LD_RUNPATH_SEARCH_PATHS = "$(inherited) @executable_path/Frameworks";
				LIBRARY_SEARCH_PATHS = (
					"$(inherited)",
					"$(PROJECT_DIR)/MortgageCalculator-Swift/Libs/SDK/ShareSDK/Support/PlatformSDK/SinaWeiboSDK",
					"$(PROJECT_DIR)/MortgageCalculator-Swift/Libs/SDK/ShareSDK/Support/PlatformSDK/WeChatSDK",
				);
				ONLY_ACTIVE_ARCH = YES;
				OTHER_LDFLAGS = (
					"$(inherited)",
					"-framework",
					"\"SnapKit\"",
					"-framework",
					"\"TMCache\"",
					"-ObjC",
				);
				PRODUCT_BUNDLE_IDENTIFIER = "com.xuzhou.MortgageCalculator-Swift";
				PRODUCT_NAME = "$(TARGET_NAME)";
				PROVISIONING_PROFILE_SPECIFIER = "";
				SWIFT_INSTALL_OBJC_HEADER = NO;
				SWIFT_OBJC_BRIDGING_HEADER = "${SRCROOT}/MortgageCalculator-Swift/MortgageCalculator-Swift-Bridging-Header.h";
				SWIFT_VERSION = 5.0;
				VALID_ARCHS = "armv7 armv7s arm64";
			};
			name = Debug;
		};
		53A4EF381F2ED46B00EF58EB /* Release */ = {
			isa = XCBuildConfiguration;
			baseConfigurationReference = 42DEC60004CE9954417B897E /* Pods-MortgageCalculator-Swift.release.xcconfig */;
			buildSettings = {
				ASSETCATALOG_COMPILER_APPICON_NAME = AppIcon;
				ASSETCATALOG_COMPILER_LAUNCHIMAGE_NAME = LaunchImage;
				CODE_SIGN_ENTITLEMENTS = "MortgageCalculator-Swift/MortgageCalculator-Swift.entitlements";
				"CODE_SIGN_IDENTITY[sdk=iphoneos*]" = "iPhone Developer";
				CODE_SIGN_STYLE = Automatic;
				DEVELOPMENT_TEAM = 6JC78V6G2N;
				FRAMEWORK_SEARCH_PATHS = (
					"$(inherited)",
					"$(PROJECT_DIR)/MortgageCalculator-Swift/Libs/SDK/ShareSDK",
					"$(PROJECT_DIR)/MortgageCalculator-Swift/Libs/SDK/Required",
					"$(PROJECT_DIR)/MortgageCalculator-Swift/Libs/SDK/ShareSDK/Support/Optional",
					"$(PROJECT_DIR)/MortgageCalculator-Swift/Libs/SDK/ShareSDK/Support/Required",
					"$(PROJECT_DIR)/MortgageCalculator-Swift/Libs/SDK/ShareSDK/Support/PlatformConnector",
					"$(PROJECT_DIR)/MortgageCalculator-Swift/Libs/SDK/ShareSDK/Support/PlatformSDK/QQSDK",
				);
				GCC_INCREASE_PRECOMPILED_HEADER_SHARING = NO;
				GCC_PRECOMPILE_PREFIX_HEADER = YES;
				GCC_PREFIX_HEADER = "";
				INFOPLIST_FILE = "MortgageCalculator-Swift/Info.plist";
				IPHONEOS_DEPLOYMENT_TARGET = 8.0;
				LD_RUNPATH_SEARCH_PATHS = "$(inherited) @executable_path/Frameworks";
				LIBRARY_SEARCH_PATHS = (
					"$(inherited)",
					"$(PROJECT_DIR)/MortgageCalculator-Swift/Libs/SDK/ShareSDK/Support/PlatformSDK/SinaWeiboSDK",
					"$(PROJECT_DIR)/MortgageCalculator-Swift/Libs/SDK/ShareSDK/Support/PlatformSDK/WeChatSDK",
				);
				OTHER_LDFLAGS = (
					"$(inherited)",
					"-framework",
					"\"SnapKit\"",
					"-framework",
					"\"TMCache\"",
					"-ObjC",
				);
				PRODUCT_BUNDLE_IDENTIFIER = "com.xuzhou.MortgageCalculator-Swift";
				PRODUCT_NAME = "$(TARGET_NAME)";
				PROVISIONING_PROFILE_SPECIFIER = "";
				SWIFT_INSTALL_OBJC_HEADER = NO;
				SWIFT_OBJC_BRIDGING_HEADER = "${SRCROOT}/MortgageCalculator-Swift/MortgageCalculator-Swift-Bridging-Header.h";
				SWIFT_VERSION = 5.0;
				VALID_ARCHS = "armv7 armv7s arm64";
			};
			name = Release;
		};
/* End XCBuildConfiguration section */

/* Begin XCConfigurationList section */
		53A4EF1F1F2ED46B00EF58EB /* Build configuration list for PBXProject "MortgageCalculator-Swift" */ = {
			isa = XCConfigurationList;
			buildConfigurations = (
				53A4EF341F2ED46B00EF58EB /* Debug */,
				53A4EF351F2ED46B00EF58EB /* Release */,
			);
			defaultConfigurationIsVisible = 0;
			defaultConfigurationName = Release;
		};
		53A4EF361F2ED46B00EF58EB /* Build configuration list for PBXNativeTarget "MortgageCalculator-Swift" */ = {
			isa = XCConfigurationList;
			buildConfigurations = (
				53A4EF371F2ED46B00EF58EB /* Debug */,
				53A4EF381F2ED46B00EF58EB /* Release */,
			);
			defaultConfigurationIsVisible = 0;
			defaultConfigurationName = Release;
		};
/* End XCConfigurationList section */
	};
	rootObject = 53A4EF1C1F2ED46B00EF58EB /* Project object */;
}
